// !$*UTF8*$!
{
	archiveVersion = 1;
	classes = {
	};
	objectVersion = 56;
	objects = {

/* Begin PBXBuildFile section */
		22BB79542BF6235300FE3C62 /* AppDelegate.swift in Sources */ = {isa = PBXBuildFile; fileRef = 22BB79532BF6235300FE3C62 /* AppDelegate.swift */; };
		22BB79562BF6235300FE3C62 /* SceneDelegate.swift in Sources */ = {isa = PBXBuildFile; fileRef = 22BB79552BF6235300FE3C62 /* SceneDelegate.swift */; };
		22BB79582BF6235300FE3C62 /* ViewController.swift in Sources */ = {isa = PBXBuildFile; fileRef = 22BB79572BF6235300FE3C62 /* ViewController.swift */; };
		22BB795B2BF6235300FE3C62 /* Main.storyboard in Resources */ = {isa = PBXBuildFile; fileRef = 22BB79592BF6235300FE3C62 /* Main.storyboard */; };
		22BB795E2BF6235300FE3C62 /* Sports_App.xcdatamodeld in Sources */ = {isa = PBXBuildFile; fileRef = 22BB795C2BF6235300FE3C62 /* Sports_App.xcdatamodeld */; };
		22BB79602BF6235A00FE3C62 /* Assets.xcassets in Resources */ = {isa = PBXBuildFile; fileRef = 22BB795F2BF6235A00FE3C62 /* Assets.xcassets */; };
		22BB79632BF6235A00FE3C62 /* LaunchScreen.storyboard in Resources */ = {isa = PBXBuildFile; fileRef = 22BB79612BF6235A00FE3C62 /* LaunchScreen.storyboard */; };
		22BB796E2BF6235B00FE3C62 /* Sports_AppTests.swift in Sources */ = {isa = PBXBuildFile; fileRef = 22BB796D2BF6235B00FE3C62 /* Sports_AppTests.swift */; };
		22BB79782BF6235B00FE3C62 /* Sports_AppUITests.swift in Sources */ = {isa = PBXBuildFile; fileRef = 22BB79772BF6235B00FE3C62 /* Sports_AppUITests.swift */; };
		22BB797A2BF6235B00FE3C62 /* Sports_AppUITestsLaunchTests.swift in Sources */ = {isa = PBXBuildFile; fileRef = 22BB79792BF6235B00FE3C62 /* Sports_AppUITestsLaunchTests.swift */; };
/* End PBXBuildFile section */

/* Begin PBXContainerItemProxy section */
		22BB796A2BF6235B00FE3C62 /* PBXContainerItemProxy */ = {
			isa = PBXContainerItemProxy;
			containerPortal = 22BB79482BF6235300FE3C62 /* Project object */;
			proxyType = 1;
			remoteGlobalIDString = 22BB794F2BF6235300FE3C62;
			remoteInfo = "Sports App";
		};
		22BB79742BF6235B00FE3C62 /* PBXContainerItemProxy */ = {
			isa = PBXContainerItemProxy;
			containerPortal = 22BB79482BF6235300FE3C62 /* Project object */;
			proxyType = 1;
			remoteGlobalIDString = 22BB794F2BF6235300FE3C62;
			remoteInfo = "Sports App";
		};
/* End PBXContainerItemProxy section */

/* Begin PBXFileReference section */
		22BB79502BF6235300FE3C62 /* Sports App.app */ = {isa = PBXFileReference; explicitFileType = wrapper.application; includeInIndex = 0; path = "Sports App.app"; sourceTree = BUILT_PRODUCTS_DIR; };
		22BB79532BF6235300FE3C62 /* AppDelegate.swift */ = {isa = PBXFileReference; lastKnownFileType = sourcecode.swift; path = AppDelegate.swift; sourceTree = "<group>"; };
		22BB79552BF6235300FE3C62 /* SceneDelegate.swift */ = {isa = PBXFileReference; lastKnownFileType = sourcecode.swift; path = SceneDelegate.swift; sourceTree = "<group>"; };
		22BB79572BF6235300FE3C62 /* ViewController.swift */ = {isa = PBXFileReference; lastKnownFileType = sourcecode.swift; path = ViewController.swift; sourceTree = "<group>"; };
		22BB795A2BF6235300FE3C62 /* Base */ = {isa = PBXFileReference; lastKnownFileType = file.storyboard; name = Base; path = Base.lproj/Main.storyboard; sourceTree = "<group>"; };
		22BB795D2BF6235300FE3C62 /* Sports_App.xcdatamodel */ = {isa = PBXFileReference; lastKnownFileType = wrapper.xcdatamodel; path = Sports_App.xcdatamodel; sourceTree = "<group>"; };
		22BB795F2BF6235A00FE3C62 /* Assets.xcassets */ = {isa = PBXFileReference; lastKnownFileType = folder.assetcatalog; path = Assets.xcassets; sourceTree = "<group>"; };
		22BB79622BF6235A00FE3C62 /* Base */ = {isa = PBXFileReference; lastKnownFileType = file.storyboard; name = Base; path = Base.lproj/LaunchScreen.storyboard; sourceTree = "<group>"; };
		22BB79642BF6235A00FE3C62 /* Info.plist */ = {isa = PBXFileReference; lastKnownFileType = text.plist.xml; path = Info.plist; sourceTree = "<group>"; };
		22BB79692BF6235B00FE3C62 /* Sports AppTests.xctest */ = {isa = PBXFileReference; explicitFileType = wrapper.cfbundle; includeInIndex = 0; path = "Sports AppTests.xctest"; sourceTree = BUILT_PRODUCTS_DIR; };
		22BB796D2BF6235B00FE3C62 /* Sports_AppTests.swift */ = {isa = PBXFileReference; lastKnownFileType = sourcecode.swift; path = Sports_AppTests.swift; sourceTree = "<group>"; };
		22BB79732BF6235B00FE3C62 /* Sports AppUITests.xctest */ = {isa = PBXFileReference; explicitFileType = wrapper.cfbundle; includeInIndex = 0; path = "Sports AppUITests.xctest"; sourceTree = BUILT_PRODUCTS_DIR; };
		22BB79772BF6235B00FE3C62 /* Sports_AppUITests.swift */ = {isa = PBXFileReference; lastKnownFileType = sourcecode.swift; path = Sports_AppUITests.swift; sourceTree = "<group>"; };
		22BB79792BF6235B00FE3C62 /* Sports_AppUITestsLaunchTests.swift */ = {isa = PBXFileReference; lastKnownFileType = sourcecode.swift; path = Sports_AppUITestsLaunchTests.swift; sourceTree = "<group>"; };
/* End PBXFileReference section */

/* Begin PBXFrameworksBuildPhase section */
		22BB794D2BF6235300FE3C62 /* Frameworks */ = {
			isa = PBXFrameworksBuildPhase;
			buildActionMask = 2147483647;
			files = (
			);
			runOnlyForDeploymentPostprocessing = 0;
		};
		22BB79662BF6235B00FE3C62 /* Frameworks */ = {
			isa = PBXFrameworksBuildPhase;
			buildActionMask = 2147483647;
			files = (
			);
			runOnlyForDeploymentPostprocessing = 0;
		};
		22BB79702BF6235B00FE3C62 /* Frameworks */ = {
			isa = PBXFrameworksBuildPhase;
			buildActionMask = 2147483647;
			files = (
			);
			runOnlyForDeploymentPostprocessing = 0;
		};
/* End PBXFrameworksBuildPhase section */

/* Begin PBXGroup section */
		22BB79472BF6235300FE3C62 = {
			isa = PBXGroup;
			children = (
				22BB79522BF6235300FE3C62 /* Sports App */,
				22BB796C2BF6235B00FE3C62 /* Sports AppTests */,
				22BB79762BF6235B00FE3C62 /* Sports AppUITests */,
				22BB79512BF6235300FE3C62 /* Products */,
			);
			sourceTree = "<group>";
		};
		22BB79512BF6235300FE3C62 /* Products */ = {
			isa = PBXGroup;
			children = (
				22BB79502BF6235300FE3C62 /* Sports App.app */,
				22BB79692BF6235B00FE3C62 /* Sports AppTests.xctest */,
				22BB79732BF6235B00FE3C62 /* Sports AppUITests.xctest */,
			);
			name = Products;
			sourceTree = "<group>";
		};
		22BB79522BF6235300FE3C62 /* Sports App */ = {
			isa = PBXGroup;
			children = (
				22BB79532BF6235300FE3C62 /* AppDelegate.swift */,
				22BB79552BF6235300FE3C62 /* SceneDelegate.swift */,
				22BB79572BF6235300FE3C62 /* ViewController.swift */,
				22BB79592BF6235300FE3C62 /* Main.storyboard */,
				22BB795F2BF6235A00FE3C62 /* Assets.xcassets */,
				22BB79612BF6235A00FE3C62 /* LaunchScreen.storyboard */,
				22BB79642BF6235A00FE3C62 /* Info.plist */,
				22BB795C2BF6235300FE3C62 /* Sports_App.xcdatamodeld */,
			);
			path = "Sports App";
			sourceTree = "<group>";
		};
		22BB796C2BF6235B00FE3C62 /* Sports AppTests */ = {
			isa = PBXGroup;
			children = (
				22BB796D2BF6235B00FE3C62 /* Sports_AppTests.swift */,
			);
			path = "Sports AppTests";
			sourceTree = "<group>";
		};
		22BB79762BF6235B00FE3C62 /* Sports AppUITests */ = {
			isa = PBXGroup;
			children = (
				22BB79772BF6235B00FE3C62 /* Sports_AppUITests.swift */,
				22BB79792BF6235B00FE3C62 /* Sports_AppUITestsLaunchTests.swift */,
			);
			path = "Sports AppUITests";
			sourceTree = "<group>";
		};
/* End PBXGroup section */

/* Begin PBXNativeTarget section */
		22BB794F2BF6235300FE3C62 /* Sports App */ = {
			isa = PBXNativeTarget;
			buildConfigurationList = 22BB797D2BF6235B00FE3C62 /* Build configuration list for PBXNativeTarget "Sports App" */;
			buildPhases = (
				22BB794C2BF6235300FE3C62 /* Sources */,
				22BB794D2BF6235300FE3C62 /* Frameworks */,
				22BB794E2BF6235300FE3C62 /* Resources */,
			);
			buildRules = (
			);
			dependencies = (
			);
			name = "Sports App";
			productName = "Sports App";
			productReference = 22BB79502BF6235300FE3C62 /* Sports App.app */;
			productType = "com.apple.product-type.application";
		};
		22BB79682BF6235B00FE3C62 /* Sports AppTests */ = {
			isa = PBXNativeTarget;
			buildConfigurationList = 22BB79802BF6235B00FE3C62 /* Build configuration list for PBXNativeTarget "Sports AppTests" */;
			buildPhases = (
				22BB79652BF6235B00FE3C62 /* Sources */,
				22BB79662BF6235B00FE3C62 /* Frameworks */,
				22BB79672BF6235B00FE3C62 /* Resources */,
			);
			buildRules = (
			);
			dependencies = (
				22BB796B2BF6235B00FE3C62 /* PBXTargetDependency */,
			);
			name = "Sports AppTests";
			productName = "Sports AppTests";
			productReference = 22BB79692BF6235B00FE3C62 /* Sports AppTests.xctest */;
			productType = "com.apple.product-type.bundle.unit-test";
		};
		22BB79722BF6235B00FE3C62 /* Sports AppUITests */ = {
			isa = PBXNativeTarget;
			buildConfigurationList = 22BB79832BF6235B00FE3C62 /* Build configuration list for PBXNativeTarget "Sports AppUITests" */;
			buildPhases = (
				22BB796F2BF6235B00FE3C62 /* Sources */,
				22BB79702BF6235B00FE3C62 /* Frameworks */,
				22BB79712BF6235B00FE3C62 /* Resources */,
			);
			buildRules = (
			);
			dependencies = (
				22BB79752BF6235B00FE3C62 /* PBXTargetDependency */,
			);
			name = "Sports AppUITests";
			productName = "Sports AppUITests";
			productReference = 22BB79732BF6235B00FE3C62 /* Sports AppUITests.xctest */;
			productType = "com.apple.product-type.bundle.ui-testing";
		};
/* End PBXNativeTarget section */

/* Begin PBXProject section */
		22BB79482BF6235300FE3C62 /* Project object */ = {
			isa = PBXProject;
			attributes = {
				BuildIndependentTargetsInParallel = 1;
				LastSwiftUpdateCheck = 1520;
				LastUpgradeCheck = 1520;
				TargetAttributes = {
					22BB794F2BF6235300FE3C62 = {
						CreatedOnToolsVersion = 15.2;
					};
					22BB79682BF6235B00FE3C62 = {
						CreatedOnToolsVersion = 15.2;
						TestTargetID = 22BB794F2BF6235300FE3C62;
					};
					22BB79722BF6235B00FE3C62 = {
						CreatedOnToolsVersion = 15.2;
						TestTargetID = 22BB794F2BF6235300FE3C62;
					};
				};
			};
			buildConfigurationList = 22BB794B2BF6235300FE3C62 /* Build configuration list for PBXProject "Sports App" */;
			compatibilityVersion = "Xcode 14.0";
			developmentRegion = en;
			hasScannedForEncodings = 0;
			knownRegions = (
				en,
				Base,
			);
			mainGroup = 22BB79472BF6235300FE3C62;
			productRefGroup = 22BB79512BF6235300FE3C62 /* Products */;
			projectDirPath = "";
			projectRoot = "";
			targets = (
				22BB794F2BF6235300FE3C62 /* Sports App */,
				22BB79682BF6235B00FE3C62 /* Sports AppTests */,
				22BB79722BF6235B00FE3C62 /* Sports AppUITests */,
			);
		};
/* End PBXProject section */

/* Begin PBXResourcesBuildPhase section */
		22BB794E2BF6235300FE3C62 /* Resources */ = {
			isa = PBXResourcesBuildPhase;
			buildActionMask = 2147483647;
			files = (
				22BB79632BF6235A00FE3C62 /* LaunchScreen.storyboard in Resources */,
				22BB79602BF6235A00FE3C62 /* Assets.xcassets in Resources */,
				22BB795B2BF6235300FE3C62 /* Main.storyboard in Resources */,
			);
			runOnlyForDeploymentPostprocessing = 0;
		};
		22BB79672BF6235B00FE3C62 /* Resources */ = {
			isa = PBXResourcesBuildPhase;
			buildActionMask = 2147483647;
			files = (
			);
			runOnlyForDeploymentPostprocessing = 0;
		};
		22BB79712BF6235B00FE3C62 /* Resources */ = {
			isa = PBXResourcesBuildPhase;
			buildActionMask = 2147483647;
			files = (
			);
			runOnlyForDeploymentPostprocessing = 0;
		};
/* End PBXResourcesBuildPhase section */

/* Begin PBXSourcesBuildPhase section */
		22BB794C2BF6235300FE3C62 /* Sources */ = {
			isa = PBXSourcesBuildPhase;
			buildActionMask = 2147483647;
			files = (
				22BB79582BF6235300FE3C62 /* ViewController.swift in Sources */,
				22BB79542BF6235300FE3C62 /* AppDelegate.swift in Sources */,
				22BB795E2BF6235300FE3C62 /* Sports_App.xcdatamodeld in Sources */,
				22BB79562BF6235300FE3C62 /* SceneDelegate.swift in Sources */,
			);
			runOnlyForDeploymentPostprocessing = 0;
		};
		22BB79652BF6235B00FE3C62 /* Sources */ = {
			isa = PBXSourcesBuildPhase;
			buildActionMask = 2147483647;
			files = (
				22BB796E2BF6235B00FE3C62 /* Sports_AppTests.swift in Sources */,
			);
			runOnlyForDeploymentPostprocessing = 0;
		};
		22BB796F2BF6235B00FE3C62 /* Sources */ = {
			isa = PBXSourcesBuildPhase;
			buildActionMask = 2147483647;
			files = (
				22BB79782BF6235B00FE3C62 /* Sports_AppUITests.swift in Sources */,
				22BB797A2BF6235B00FE3C62 /* Sports_AppUITestsLaunchTests.swift in Sources */,
			);
			runOnlyForDeploymentPostprocessing = 0;
		};
/* End PBXSourcesBuildPhase section */

/* Begin PBXTargetDependency section */
		22BB796B2BF6235B00FE3C62 /* PBXTargetDependency */ = {
			isa = PBXTargetDependency;
			target = 22BB794F2BF6235300FE3C62 /* Sports App */;
			targetProxy = 22BB796A2BF6235B00FE3C62 /* PBXContainerItemProxy */;
		};
		22BB79752BF6235B00FE3C62 /* PBXTargetDependency */ = {
			isa = PBXTargetDependency;
			target = 22BB794F2BF6235300FE3C62 /* Sports App */;
			targetProxy = 22BB79742BF6235B00FE3C62 /* PBXContainerItemProxy */;
		};
/* End PBXTargetDependency section */

/* Begin PBXVariantGroup section */
		22BB79592BF6235300FE3C62 /* Main.storyboard */ = {
			isa = PBXVariantGroup;
			children = (
				22BB795A2BF6235300FE3C62 /* Base */,
			);
			name = Main.storyboard;
			sourceTree = "<group>";
		};
		22BB79612BF6235A00FE3C62 /* LaunchScreen.storyboard */ = {
			isa = PBXVariantGroup;
			children = (
				22BB79622BF6235A00FE3C62 /* Base */,
			);
			name = LaunchScreen.storyboard;
			sourceTree = "<group>";
		};
/* End PBXVariantGroup section */

/* Begin XCBuildConfiguration section */
		22BB797B2BF6235B00FE3C62 /* Debug */ = {
			isa = XCBuildConfiguration;
			buildSettings = {
				ALWAYS_SEARCH_USER_PATHS = NO;
				ASSETCATALOG_COMPILER_GENERATE_SWIFT_ASSET_SYMBOL_EXTENSIONS = YES;
				CLANG_ANALYZER_NONNULL = YES;
				CLANG_ANALYZER_NUMBER_OBJECT_CONVERSION = YES_AGGRESSIVE;
				CLANG_CXX_LANGUAGE_STANDARD = "gnu++20";
				CLANG_ENABLE_MODULES = YES;
				CLANG_ENABLE_OBJC_ARC = YES;
				CLANG_ENABLE_OBJC_WEAK = YES;
				CLANG_WARN_BLOCK_CAPTURE_AUTORELEASING = YES;
				CLANG_WARN_BOOL_CONVERSION = YES;
				CLANG_WARN_COMMA = YES;
				CLANG_WARN_CONSTANT_CONVERSION = YES;
				CLANG_WARN_DEPRECATED_OBJC_IMPLEMENTATIONS = YES;
				CLANG_WARN_DIRECT_OBJC_ISA_USAGE = YES_ERROR;
				CLANG_WARN_DOCUMENTATION_COMMENTS = YES;
				CLANG_WARN_EMPTY_BODY = YES;
				CLANG_WARN_ENUM_CONVERSION = YES;
				CLANG_WARN_INFINITE_RECURSION = YES;
				CLANG_WARN_INT_CONVERSION = YES;
				CLANG_WARN_NON_LITERAL_NULL_CONVERSION = YES;
				CLANG_WARN_OBJC_IMPLICIT_RETAIN_SELF = YES;
				CLANG_WARN_OBJC_LITERAL_CONVERSION = YES;
				CLANG_WARN_OBJC_ROOT_CLASS = YES_ERROR;
				CLANG_WARN_QUOTED_INCLUDE_IN_FRAMEWORK_HEADER = YES;
				CLANG_WARN_RANGE_LOOP_ANALYSIS = YES;
				CLANG_WARN_STRICT_PROTOTYPES = YES;
				CLANG_WARN_SUSPICIOUS_MOVE = YES;
				CLANG_WARN_UNGUARDED_AVAILABILITY = YES_AGGRESSIVE;
				CLANG_WARN_UNREACHABLE_CODE = YES;
				CLANG_WARN__DUPLICATE_METHOD_MATCH = YES;
				COPY_PHASE_STRIP = NO;
				DEBUG_INFORMATION_FORMAT = dwarf;
				ENABLE_STRICT_OBJC_MSGSEND = YES;
				ENABLE_TESTABILITY = YES;
				ENABLE_USER_SCRIPT_SANDBOXING = YES;
				GCC_C_LANGUAGE_STANDARD = gnu17;
				GCC_DYNAMIC_NO_PIC = NO;
				GCC_NO_COMMON_BLOCKS = YES;
				GCC_OPTIMIZATION_LEVEL = 0;
				GCC_PREPROCESSOR_DEFINITIONS = (
					"DEBUG=1",
					"$(inherited)",
				);
				GCC_WARN_64_TO_32_BIT_CONVERSION = YES;
				GCC_WARN_ABOUT_RETURN_TYPE = YES_ERROR;
				GCC_WARN_UNDECLARED_SELECTOR = YES;
				GCC_WARN_UNINITIALIZED_AUTOS = YES_AGGRESSIVE;
				GCC_WARN_UNUSED_FUNCTION = YES;
				GCC_WARN_UNUSED_VARIABLE = YES;
				IPHONEOS_DEPLOYMENT_TARGET = 17.2;
				LOCALIZATION_PREFERS_STRING_CATALOGS = YES;
				MTL_ENABLE_DEBUG_INFO = INCLUDE_SOURCE;
				MTL_FAST_MATH = YES;
				ONLY_ACTIVE_ARCH = YES;
				SDKROOT = iphoneos;
				SWIFT_ACTIVE_COMPILATION_CONDITIONS = "DEBUG $(inherited)";
				SWIFT_OPTIMIZATION_LEVEL = "-Onone";
			};
			name = Debug;
		};
		22BB797C2BF6235B00FE3C62 /* Release */ = {
			isa = XCBuildConfiguration;
			buildSettings = {
				ALWAYS_SEARCH_USER_PATHS = NO;
				ASSETCATALOG_COMPILER_GENERATE_SWIFT_ASSET_SYMBOL_EXTENSIONS = YES;
				CLANG_ANALYZER_NONNULL = YES;
				CLANG_ANALYZER_NUMBER_OBJECT_CONVERSION = YES_AGGRESSIVE;
				CLANG_CXX_LANGUAGE_STANDARD = "gnu++20";
				CLANG_ENABLE_MODULES = YES;
				CLANG_ENABLE_OBJC_ARC = YES;
				CLANG_ENABLE_OBJC_WEAK = YES;
				CLANG_WARN_BLOCK_CAPTURE_AUTORELEASING = YES;
				CLANG_WARN_BOOL_CONVERSION = YES;
				CLANG_WARN_COMMA = YES;
				CLANG_WARN_CONSTANT_CONVERSION = YES;
				CLANG_WARN_DEPRECATED_OBJC_IMPLEMENTATIONS = YES;
				CLANG_WARN_DIRECT_OBJC_ISA_USAGE = YES_ERROR;
				CLANG_WARN_DOCUMENTATION_COMMENTS = YES;
				CLANG_WARN_EMPTY_BODY = YES;
				CLANG_WARN_ENUM_CONVERSION = YES;
				CLANG_WARN_INFINITE_RECURSION = YES;
				CLANG_WARN_INT_CONVERSION = YES;
				CLANG_WARN_NON_LITERAL_NULL_CONVERSION = YES;
				CLANG_WARN_OBJC_IMPLICIT_RETAIN_SELF = YES;
				CLANG_WARN_OBJC_LITERAL_CONVERSION = YES;
				CLANG_WARN_OBJC_ROOT_CLASS = YES_ERROR;
				CLANG_WARN_QUOTED_INCLUDE_IN_FRAMEWORK_HEADER = YES;
				CLANG_WARN_RANGE_LOOP_ANALYSIS = YES;
				CLANG_WARN_STRICT_PROTOTYPES = YES;
				CLANG_WARN_SUSPICIOUS_MOVE = YES;
				CLANG_WARN_UNGUARDED_AVAILABILITY = YES_AGGRESSIVE;
				CLANG_WARN_UNREACHABLE_CODE = YES;
				CLANG_WARN__DUPLICATE_METHOD_MATCH = YES;
				COPY_PHASE_STRIP = NO;
				DEBUG_INFORMATION_FORMAT = "dwarf-with-dsym";
				ENABLE_NS_ASSERTIONS = NO;
				ENABLE_STRICT_OBJC_MSGSEND = YES;
				ENABLE_USER_SCRIPT_SANDBOXING = YES;
				GCC_C_LANGUAGE_STANDARD = gnu17;
				GCC_NO_COMMON_BLOCKS = YES;
				GCC_WARN_64_TO_32_BIT_CONVERSION = YES;
				GCC_WARN_ABOUT_RETURN_TYPE = YES_ERROR;
				GCC_WARN_UNDECLARED_SELECTOR = YES;
				GCC_WARN_UNINITIALIZED_AUTOS = YES_AGGRESSIVE;
				GCC_WARN_UNUSED_FUNCTION = YES;
				GCC_WARN_UNUSED_VARIABLE = YES;
				IPHONEOS_DEPLOYMENT_TARGET = 17.2;
				LOCALIZATION_PREFERS_STRING_CATALOGS = YES;
				MTL_ENABLE_DEBUG_INFO = NO;
				MTL_FAST_MATH = YES;
				SDKROOT = iphoneos;
				SWIFT_COMPILATION_MODE = wholemodule;
				VALIDATE_PRODUCT = YES;
			};
			name = Release;
		};
		22BB797E2BF6235B00FE3C62 /* Debug */ = {
			isa = XCBuildConfiguration;
			buildSettings = {
				ASSETCATALOG_COMPILER_APPICON_NAME = AppIcon;
				ASSETCATALOG_COMPILER_GLOBAL_ACCENT_COLOR_NAME = AccentColor;
				CODE_SIGN_STYLE = Automatic;
				CURRENT_PROJECT_VERSION = 1;
				DEVELOPMENT_TEAM = WNA868NVL3;
				GENERATE_INFOPLIST_FILE = YES;
				INFOPLIST_FILE = "Sports App/Info.plist";
				INFOPLIST_KEY_UIApplicationSupportsIndirectInputEvents = YES;
				INFOPLIST_KEY_UILaunchStoryboardName = LaunchScreen;
				INFOPLIST_KEY_UIMainStoryboardFile = Main;
				INFOPLIST_KEY_UISupportedInterfaceOrientations_iPad = "UIInterfaceOrientationPortrait UIInterfaceOrientationPortraitUpsideDown UIInterfaceOrientationLandscapeLeft UIInterfaceOrientationLandscapeRight";
				INFOPLIST_KEY_UISupportedInterfaceOrientations_iPhone = "UIInterfaceOrientationPortrait UIInterfaceOrientationLandscapeLeft UIInterfaceOrientationLandscapeRight";
				LD_RUNPATH_SEARCH_PATHS = (
					"$(inherited)",
					"@executable_path/Frameworks",
				);
				MARKETING_VERSION = 1.0;
				PRODUCT_BUNDLE_IDENTIFIER = "ITI.Sports-App";
				PRODUCT_NAME = "$(TARGET_NAME)";
				SWIFT_EMIT_LOC_STRINGS = YES;
				SWIFT_VERSION = 5.0;
				TARGETED_DEVICE_FAMILY = "1,2";
			};
			name = Debug;
		};
		22BB797F2BF6235B00FE3C62 /* Release */ = {
			isa = XCBuildConfiguration;
			buildSettings = {
				ASSETCATALOG_COMPILER_APPICON_NAME = AppIcon;
				ASSETCATALOG_COMPILER_GLOBAL_ACCENT_COLOR_NAME = AccentColor;
				CODE_SIGN_STYLE = Automatic;
				CURRENT_PROJECT_VERSION = 1;
				DEVELOPMENT_TEAM = WNA868NVL3;
				GENERATE_INFOPLIST_FILE = YES;
				INFOPLIST_FILE = "Sports App/Info.plist";
				INFOPLIST_KEY_UIApplicationSupportsIndirectInputEvents = YES;
				INFOPLIST_KEY_UILaunchStoryboardName = LaunchScreen;
				INFOPLIST_KEY_UIMainStoryboardFile = Main;
				INFOPLIST_KEY_UISupportedInterfaceOrientations_iPad = "UIInterfaceOrientationPortrait UIInterfaceOrientationPortraitUpsideDown UIInterfaceOrientationLandscapeLeft UIInterfaceOrientationLandscapeRight";
				INFOPLIST_KEY_UISupportedInterfaceOrientations_iPhone = "UIInterfaceOrientationPortrait UIInterfaceOrientationLandscapeLeft UIInterfaceOrientationLandscapeRight";
				LD_RUNPATH_SEARCH_PATHS = (
					"$(inherited)",
					"@executable_path/Frameworks",
				);
				MARKETING_VERSION = 1.0;
				PRODUCT_BUNDLE_IDENTIFIER = "ITI.Sports-App";
				PRODUCT_NAME = "$(TARGET_NAME)";
				SWIFT_EMIT_LOC_STRINGS = YES;
				SWIFT_VERSION = 5.0;
				TARGETED_DEVICE_FAMILY = "1,2";
			};
			name = Release;
		};
		22BB79812BF6235B00FE3C62 /* Debug */ = {
			isa = XCBuildConfiguration;
			buildSettings = {
				ALWAYS_EMBED_SWIFT_STANDARD_LIBRARIES = YES;
				BUNDLE_LOADER = "$(TEST_HOST)";
				CODE_SIGN_STYLE = Automatic;
				CURRENT_PROJECT_VERSION = 1;
				DEVELOPMENT_TEAM = WNA868NVL3;
				GENERATE_INFOPLIST_FILE = YES;
				IPHONEOS_DEPLOYMENT_TARGET = 17.2;
				MARKETING_VERSION = 1.0;
				PRODUCT_BUNDLE_IDENTIFIER = "ITI.Sports-AppTests";
				PRODUCT_NAME = "$(TARGET_NAME)";
				SWIFT_EMIT_LOC_STRINGS = NO;
				SWIFT_VERSION = 5.0;
				TARGETED_DEVICE_FAMILY = "1,2";
				TEST_HOST = "$(BUILT_PRODUCTS_DIR)/Sports App.app/$(BUNDLE_EXECUTABLE_FOLDER_PATH)/Sports App";
			};
			name = Debug;
		};
		22BB79822BF6235B00FE3C62 /* Release */ = {
			isa = XCBuildConfiguration;
			buildSettings = {
				ALWAYS_EMBED_SWIFT_STANDARD_LIBRARIES = YES;
				BUNDLE_LOADER = "$(TEST_HOST)";
				CODE_SIGN_STYLE = Automatic;
				CURRENT_PROJECT_VERSION = 1;
				DEVELOPMENT_TEAM = WNA868NVL3;
				GENERATE_INFOPLIST_FILE = YES;
				IPHONEOS_DEPLOYMENT_TARGET = 17.2;
				MARKETING_VERSION = 1.0;
				PRODUCT_BUNDLE_IDENTIFIER = "ITI.Sports-AppTests";
				PRODUCT_NAME = "$(TARGET_NAME)";
				SWIFT_EMIT_LOC_STRINGS = NO;
				SWIFT_VERSION = 5.0;
				TARGETED_DEVICE_FAMILY = "1,2";
				TEST_HOST = "$(BUILT_PRODUCTS_DIR)/Sports App.app/$(BUNDLE_EXECUTABLE_FOLDER_PATH)/Sports App";
			};
			name = Release;
		};
		22BB79842BF6235B00FE3C62 /* Debug */ = {
			isa = XCBuildConfiguration;
			buildSettings = {
				ALWAYS_EMBED_SWIFT_STANDARD_LIBRARIES = YES;
				CODE_SIGN_STYLE = Automatic;
				CURRENT_PROJECT_VERSION = 1;
				DEVELOPMENT_TEAM = WNA868NVL3;
				GENERATE_INFOPLIST_FILE = YES;
				MARKETING_VERSION = 1.0;
				PRODUCT_BUNDLE_IDENTIFIER = "ITI.Sports-AppUITests";
				PRODUCT_NAME = "$(TARGET_NAME)";
				SWIFT_EMIT_LOC_STRINGS = NO;
				SWIFT_VERSION = 5.0;
				TARGETED_DEVICE_FAMILY = "1,2";
				TEST_TARGET_NAME = "Sports App";
			};
			name = Debug;
		};
		22BB79852BF6235B00FE3C62 /* Release */ = {
			isa = XCBuildConfiguration;
			buildSettings = {
				ALWAYS_EMBED_SWIFT_STANDARD_LIBRARIES = YES;
				CODE_SIGN_STYLE = Automatic;
				CURRENT_PROJECT_VERSION = 1;
				DEVELOPMENT_TEAM = WNA868NVL3;
				GENERATE_INFOPLIST_FILE = YES;
				MARKETING_VERSION = 1.0;
				PRODUCT_BUNDLE_IDENTIFIER = "ITI.Sports-AppUITests";
				PRODUCT_NAME = "$(TARGET_NAME)";
				SWIFT_EMIT_LOC_STRINGS = NO;
				SWIFT_VERSION = 5.0;
				TARGETED_DEVICE_FAMILY = "1,2";
				TEST_TARGET_NAME = "Sports App";
			};
			name = Release;
		};
/* End XCBuildConfiguration section */

/* Begin XCConfigurationList section */
		22BB794B2BF6235300FE3C62 /* Build configuration list for PBXProject "Sports App" */ = {
			isa = XCConfigurationList;
			buildConfigurations = (
				22BB797B2BF6235B00FE3C62 /* Debug */,
				22BB797C2BF6235B00FE3C62 /* Release */,
			);
			defaultConfigurationIsVisible = 0;
			defaultConfigurationName = Release;
		};
		22BB797D2BF6235B00FE3C62 /* Build configuration list for PBXNativeTarget "Sports App" */ = {
			isa = XCConfigurationList;
			buildConfigurations = (
				22BB797E2BF6235B00FE3C62 /* Debug */,
				22BB797F2BF6235B00FE3C62 /* Release */,
			);
			defaultConfigurationIsVisible = 0;
			defaultConfigurationName = Release;
		};
		22BB79802BF6235B00FE3C62 /* Build configuration list for PBXNativeTarget "Sports AppTests" */ = {
			isa = XCConfigurationList;
			buildConfigurations = (
				22BB79812BF6235B00FE3C62 /* Debug */,
				22BB79822BF6235B00FE3C62 /* Release */,
			);
			defaultConfigurationIsVisible = 0;
			defaultConfigurationName = Release;
		};
		22BB79832BF6235B00FE3C62 /* Build configuration list for PBXNativeTarget "Sports AppUITests" */ = {
			isa = XCConfigurationList;
			buildConfigurations = (
				22BB79842BF6235B00FE3C62 /* Debug */,
				22BB79852BF6235B00FE3C62 /* Release */,
			);
			defaultConfigurationIsVisible = 0;
			defaultConfigurationName = Release;
		};
/* End XCConfigurationList section */

/* Begin XCVersionGroup section */
		22BB795C2BF6235300FE3C62 /* Sports_App.xcdatamodeld */ = {
			isa = XCVersionGroup;
			children = (
				22BB795D2BF6235300FE3C62 /* Sports_App.xcdatamodel */,
			);
			currentVersion = 22BB795D2BF6235300FE3C62 /* Sports_App.xcdatamodel */;
			path = Sports_App.xcdatamodeld;
			sourceTree = "<group>";
			versionGroupType = wrapper.xcdatamodel;
		};
/* End XCVersionGroup section */
	};
	rootObject = 22BB79482BF6235300FE3C62 /* Project object */;
}
