// !$*UTF8*$!
{
	archiveVersion = 1;
	classes = {
	};
	objectVersion = 56;
	objects = {

/* Begin PBXBuildFile section */
		1198B415449C19A5D479E56F /* Pods_Sports_App.framework in Frameworks */ = {isa = PBXBuildFile; fileRef = FA666420F0B7936BD9287206 /* Pods_Sports_App.framework */; };
		2237BC4B2BF9721400C2DEBC /* UpcomingCollectionViewCell.swift in Sources */ = {isa = PBXBuildFile; fileRef = 2237BC4A2BF9721400C2DEBC /* UpcomingCollectionViewCell.swift */; };
		2237BC4D2BF9746900C2DEBC /* LatestEventsCollectionViewCell.swift in Sources */ = {isa = PBXBuildFile; fileRef = 2237BC4C2BF9746900C2DEBC /* LatestEventsCollectionViewCell.swift */; };
		2237BC4F2BF9754300C2DEBC /* TeamsCollectionViewCell.swift in Sources */ = {isa = PBXBuildFile; fileRef = 2237BC4E2BF9754300C2DEBC /* TeamsCollectionViewCell.swift */; };
		22BB79542BF6235300FE3C62 /* AppDelegate.swift in Sources */ = {isa = PBXBuildFile; fileRef = 22BB79532BF6235300FE3C62 /* AppDelegate.swift */; };
		22BB79562BF6235300FE3C62 /* SceneDelegate.swift in Sources */ = {isa = PBXBuildFile; fileRef = 22BB79552BF6235300FE3C62 /* SceneDelegate.swift */; };
		22BB79582BF6235300FE3C62 /* ViewController.swift in Sources */ = {isa = PBXBuildFile; fileRef = 22BB79572BF6235300FE3C62 /* ViewController.swift */; };
		22BB795B2BF6235300FE3C62 /* Main.storyboard in Resources */ = {isa = PBXBuildFile; fileRef = 22BB79592BF6235300FE3C62 /* Main.storyboard */; };
		22BB795E2BF6235300FE3C62 /* Sports_App.xcdatamodeld in Sources */ = {isa = PBXBuildFile; fileRef = 22BB795C2BF6235300FE3C62 /* Sports_App.xcdatamodeld */; };
		22BB79602BF6235A00FE3C62 /* Assets.xcassets in Resources */ = {isa = PBXBuildFile; fileRef = 22BB795F2BF6235A00FE3C62 /* Assets.xcassets */; };
		22BB79632BF6235A00FE3C62 /* LaunchScreen.storyboard in Resources */ = {isa = PBXBuildFile; fileRef = 22BB79612BF6235A00FE3C62 /* LaunchScreen.storyboard */; };
		22BB796E2BF6235B00FE3C62 /* Sports_AppTests.swift in Sources */ = {isa = PBXBuildFile; fileRef = 22BB796D2BF6235B00FE3C62 /* Sports_AppTests.swift */; };
		22BB79782BF6235B00FE3C62 /* Sports_AppUITests.swift in Sources */ = {isa = PBXBuildFile; fileRef = 22BB79772BF6235B00FE3C62 /* Sports_AppUITests.swift */; };
		22BB797A2BF6235B00FE3C62 /* Sports_AppUITestsLaunchTests.swift in Sources */ = {isa = PBXBuildFile; fileRef = 22BB79792BF6235B00FE3C62 /* Sports_AppUITestsLaunchTests.swift */; };
		22C1344C2BF957A600248E82 /* LeaguesCollectionViewController.swift in Sources */ = {isa = PBXBuildFile; fileRef = 22C1344B2BF957A600248E82 /* LeaguesCollectionViewController.swift */; };
		2E7D29DBFAF8E08BC055842D /* Pods_Sports_AppTests.framework in Frameworks */ = {isa = PBXBuildFile; fileRef = DF275C8DF4656B783D0A3279 /* Pods_Sports_AppTests.framework */; };
		7D0D616B2BFC2539008EF69C /* Team.swift in Sources */ = {isa = PBXBuildFile; fileRef = 7D0D616A2BFC2539008EF69C /* Team.swift */; };
		7D0D616E2BFC2BD6008EF69C /* TeamViewModel.swift in Sources */ = {isa = PBXBuildFile; fileRef = 7D0D616D2BFC2BD6008EF69C /* TeamViewModel.swift */; };
		7D0D61712BFC2CDE008EF69C /* TeamViewController.swift in Sources */ = {isa = PBXBuildFile; fileRef = 7D0D61702BFC2CDE008EF69C /* TeamViewController.swift */; };
		7D0D61732BFC3506008EF69C /* LocalStorageService.swift in Sources */ = {isa = PBXBuildFile; fileRef = 7D0D61722BFC3506008EF69C /* LocalStorageService.swift */; };
		7D2776172BFA754900D60EC1 /* DataService.swift in Sources */ = {isa = PBXBuildFile; fileRef = 7D2776162BFA754900D60EC1 /* DataService.swift */; };
		7D61EF8F2BFA591500943157 /* AllSportsCollectionViewCell.swift in Sources */ = {isa = PBXBuildFile; fileRef = 7D61EF8D2BFA591500943157 /* AllSportsCollectionViewCell.swift */; };
		7D61EF902BFA591500943157 /* AllSportsCollectionViewCell.xib in Resources */ = {isa = PBXBuildFile; fileRef = 7D61EF8E2BFA591500943157 /* AllSportsCollectionViewCell.xib */; };
		7D7F5D5A2BFB852500FBB559 /* HomeViewModel.swift in Sources */ = {isa = PBXBuildFile; fileRef = 7D7F5D592BFB852500FBB559 /* HomeViewModel.swift */; };
		7D7F5D5C2BFB89E400FBB559 /* NetworkServise.swift in Sources */ = {isa = PBXBuildFile; fileRef = 7D7F5D5B2BFB89E400FBB559 /* NetworkServise.swift */; };
		7D97E0AF2BF963C500E22F30 /* HomeCollectionViewCell.xib in Resources */ = {isa = PBXBuildFile; fileRef = 7D97E0AE2BF963C500E22F30 /* HomeCollectionViewCell.xib */; };
		7D97E0B02BF963C500E22F30 /* HomeCollectionViewCell.swift in Sources */ = {isa = PBXBuildFile; fileRef = 7D97E0AD2BF963C500E22F30 /* HomeCollectionViewCell.swift */; };
		7D97E0B22BF9732D00E22F30 /* AgainHomeCollectionViewCell.swift in Sources */ = {isa = PBXBuildFile; fileRef = 7D97E0B12BF9732D00E22F30 /* AgainHomeCollectionViewCell.swift */; };
		7D97E0B52BF9754D00E22F30 /* LeaguesTableViewController.swift in Sources */ = {isa = PBXBuildFile; fileRef = 7D97E0B42BF9754D00E22F30 /* LeaguesTableViewController.swift */; };
		7D97E0B82BF9761800E22F30 /* LeaguesTableViewCell.xib in Resources */ = {isa = PBXBuildFile; fileRef = 7D97E0B72BF9761800E22F30 /* LeaguesTableViewCell.xib */; };
		7D97E0B92BF9761800E22F30 /* LeaguesTableViewCell.swift in Sources */ = {isa = PBXBuildFile; fileRef = 7D97E0B62BF9761800E22F30 /* LeaguesTableViewCell.swift */; };
		7D97E0BC2BF98B0500E22F30 /* LeguesViewModel.swift in Sources */ = {isa = PBXBuildFile; fileRef = 7D97E0BB2BF98B0500E22F30 /* LeguesViewModel.swift */; };
		7D97E0BE2BF98BC700E22F30 /* LeguesModel.swift in Sources */ = {isa = PBXBuildFile; fileRef = 7D97E0BD2BF98BC700E22F30 /* LeguesModel.swift */; };
		7DA81E562BF62D1500D8BDDD /* SecondStoryBoard.storyboard in Resources */ = {isa = PBXBuildFile; fileRef = 7DA81E552BF62D1500D8BDDD /* SecondStoryBoard.storyboard */; };
		7DE314372BF8CA61003D8A60 /* Decoding.swift in Sources */ = {isa = PBXBuildFile; fileRef = 7DE314362BF8CA61003D8A60 /* Decoding.swift */; };
		F4F0ADD6EA44A9F594E8B97C /* Pods_Sports_App_Sports_AppUITests.framework in Frameworks */ = {isa = PBXBuildFile; fileRef = 3B009A87D0FDBA4CDFAAEC34 /* Pods_Sports_App_Sports_AppUITests.framework */; };
/* End PBXBuildFile section */

/* Begin PBXContainerItemProxy section */
		22BB796A2BF6235B00FE3C62 /* PBXContainerItemProxy */ = {
			isa = PBXContainerItemProxy;
			containerPortal = 22BB79482BF6235300FE3C62 /* Project object */;
			proxyType = 1;
			remoteGlobalIDString = 22BB794F2BF6235300FE3C62;
			remoteInfo = "Sports App";
		};
		22BB79742BF6235B00FE3C62 /* PBXContainerItemProxy */ = {
			isa = PBXContainerItemProxy;
			containerPortal = 22BB79482BF6235300FE3C62 /* Project object */;
			proxyType = 1;
			remoteGlobalIDString = 22BB794F2BF6235300FE3C62;
			remoteInfo = "Sports App";
		};
/* End PBXContainerItemProxy section */

/* Begin PBXFileReference section */
		0CFBEC79265B08F788D48C27 /* Pods-Sports App-Sports AppUITests.debug.xcconfig */ = {isa = PBXFileReference; includeInIndex = 1; lastKnownFileType = text.xcconfig; name = "Pods-Sports App-Sports AppUITests.debug.xcconfig"; path = "Target Support Files/Pods-Sports App-Sports AppUITests/Pods-Sports App-Sports AppUITests.debug.xcconfig"; sourceTree = "<group>"; };
		2237BC4A2BF9721400C2DEBC /* UpcomingCollectionViewCell.swift */ = {isa = PBXFileReference; lastKnownFileType = sourcecode.swift; name = UpcomingCollectionViewCell.swift; path = "Leagues Details/view/UpcomingCollectionViewCell.swift"; sourceTree = SOURCE_ROOT; };
		2237BC4C2BF9746900C2DEBC /* LatestEventsCollectionViewCell.swift */ = {isa = PBXFileReference; lastKnownFileType = sourcecode.swift; name = LatestEventsCollectionViewCell.swift; path = "Leagues Details/view/LatestEventsCollectionViewCell.swift"; sourceTree = SOURCE_ROOT; };
		2237BC4E2BF9754300C2DEBC /* TeamsCollectionViewCell.swift */ = {isa = PBXFileReference; lastKnownFileType = sourcecode.swift; name = TeamsCollectionViewCell.swift; path = "Leagues Details/view/TeamsCollectionViewCell.swift"; sourceTree = SOURCE_ROOT; };
		22BB79502BF6235300FE3C62 /* Sports App.app */ = {isa = PBXFileReference; explicitFileType = wrapper.application; includeInIndex = 0; path = "Sports App.app"; sourceTree = BUILT_PRODUCTS_DIR; };
		22BB79532BF6235300FE3C62 /* AppDelegate.swift */ = {isa = PBXFileReference; lastKnownFileType = sourcecode.swift; path = AppDelegate.swift; sourceTree = "<group>"; };
		22BB79552BF6235300FE3C62 /* SceneDelegate.swift */ = {isa = PBXFileReference; lastKnownFileType = sourcecode.swift; path = SceneDelegate.swift; sourceTree = "<group>"; };
		22BB79572BF6235300FE3C62 /* ViewController.swift */ = {isa = PBXFileReference; lastKnownFileType = sourcecode.swift; path = ViewController.swift; sourceTree = "<group>"; };
		22BB795A2BF6235300FE3C62 /* Base */ = {isa = PBXFileReference; lastKnownFileType = file.storyboard; name = Base; path = Base.lproj/Main.storyboard; sourceTree = "<group>"; };
		22BB795D2BF6235300FE3C62 /* Sports_App.xcdatamodel */ = {isa = PBXFileReference; lastKnownFileType = wrapper.xcdatamodel; path = Sports_App.xcdatamodel; sourceTree = "<group>"; };
		22BB795F2BF6235A00FE3C62 /* Assets.xcassets */ = {isa = PBXFileReference; lastKnownFileType = folder.assetcatalog; path = Assets.xcassets; sourceTree = "<group>"; };
		22BB79622BF6235A00FE3C62 /* Base */ = {isa = PBXFileReference; lastKnownFileType = file.storyboard; name = Base; path = Base.lproj/LaunchScreen.storyboard; sourceTree = "<group>"; };
		22BB79642BF6235A00FE3C62 /* Info.plist */ = {isa = PBXFileReference; lastKnownFileType = text.plist.xml; path = Info.plist; sourceTree = "<group>"; };
		22BB79692BF6235B00FE3C62 /* Sports AppTests.xctest */ = {isa = PBXFileReference; explicitFileType = wrapper.cfbundle; includeInIndex = 0; path = "Sports AppTests.xctest"; sourceTree = BUILT_PRODUCTS_DIR; };
		22BB796D2BF6235B00FE3C62 /* Sports_AppTests.swift */ = {isa = PBXFileReference; lastKnownFileType = sourcecode.swift; path = Sports_AppTests.swift; sourceTree = "<group>"; };
		22BB79732BF6235B00FE3C62 /* Sports AppUITests.xctest */ = {isa = PBXFileReference; explicitFileType = wrapper.cfbundle; includeInIndex = 0; path = "Sports AppUITests.xctest"; sourceTree = BUILT_PRODUCTS_DIR; };
		22BB79772BF6235B00FE3C62 /* Sports_AppUITests.swift */ = {isa = PBXFileReference; lastKnownFileType = sourcecode.swift; path = Sports_AppUITests.swift; sourceTree = "<group>"; };
		22BB79792BF6235B00FE3C62 /* Sports_AppUITestsLaunchTests.swift */ = {isa = PBXFileReference; lastKnownFileType = sourcecode.swift; path = Sports_AppUITestsLaunchTests.swift; sourceTree = "<group>"; };
		22C1344B2BF957A600248E82 /* LeaguesCollectionViewController.swift */ = {isa = PBXFileReference; lastKnownFileType = sourcecode.swift; path = LeaguesCollectionViewController.swift; sourceTree = "<group>"; };
		3B009A87D0FDBA4CDFAAEC34 /* Pods_Sports_App_Sports_AppUITests.framework */ = {isa = PBXFileReference; explicitFileType = wrapper.framework; includeInIndex = 0; path = Pods_Sports_App_Sports_AppUITests.framework; sourceTree = BUILT_PRODUCTS_DIR; };
		4A03D633F82E41DFBDCF7D33 /* Pods-Sports AppTests.release.xcconfig */ = {isa = PBXFileReference; includeInIndex = 1; lastKnownFileType = text.xcconfig; name = "Pods-Sports AppTests.release.xcconfig"; path = "Target Support Files/Pods-Sports AppTests/Pods-Sports AppTests.release.xcconfig"; sourceTree = "<group>"; };
		7D0D616A2BFC2539008EF69C /* Team.swift */ = {isa = PBXFileReference; lastKnownFileType = sourcecode.swift; path = Team.swift; sourceTree = "<group>"; };
		7D0D616D2BFC2BD6008EF69C /* TeamViewModel.swift */ = {isa = PBXFileReference; lastKnownFileType = sourcecode.swift; path = TeamViewModel.swift; sourceTree = "<group>"; };
		7D0D61702BFC2CDE008EF69C /* TeamViewController.swift */ = {isa = PBXFileReference; lastKnownFileType = sourcecode.swift; path = TeamViewController.swift; sourceTree = "<group>"; };
		7D0D61722BFC3506008EF69C /* LocalStorageService.swift */ = {isa = PBXFileReference; lastKnownFileType = sourcecode.swift; path = LocalStorageService.swift; sourceTree = "<group>"; };
		7D2776162BFA754900D60EC1 /* DataService.swift */ = {isa = PBXFileReference; lastKnownFileType = sourcecode.swift; path = DataService.swift; sourceTree = "<group>"; };
		7D61EF8D2BFA591500943157 /* AllSportsCollectionViewCell.swift */ = {isa = PBXFileReference; lastKnownFileType = sourcecode.swift; path = AllSportsCollectionViewCell.swift; sourceTree = "<group>"; };
		7D61EF8E2BFA591500943157 /* AllSportsCollectionViewCell.xib */ = {isa = PBXFileReference; lastKnownFileType = file.xib; path = AllSportsCollectionViewCell.xib; sourceTree = "<group>"; };
		7D7F5D592BFB852500FBB559 /* HomeViewModel.swift */ = {isa = PBXFileReference; lastKnownFileType = sourcecode.swift; path = HomeViewModel.swift; sourceTree = "<group>"; };
		7D7F5D5B2BFB89E400FBB559 /* NetworkServise.swift */ = {isa = PBXFileReference; lastKnownFileType = sourcecode.swift; path = NetworkServise.swift; sourceTree = "<group>"; };
		7D97E0AD2BF963C500E22F30 /* HomeCollectionViewCell.swift */ = {isa = PBXFileReference; lastKnownFileType = sourcecode.swift; path = HomeCollectionViewCell.swift; sourceTree = "<group>"; };
		7D97E0AE2BF963C500E22F30 /* HomeCollectionViewCell.xib */ = {isa = PBXFileReference; lastKnownFileType = file.xib; path = HomeCollectionViewCell.xib; sourceTree = "<group>"; };
		7D97E0B12BF9732D00E22F30 /* AgainHomeCollectionViewCell.swift */ = {isa = PBXFileReference; lastKnownFileType = sourcecode.swift; path = AgainHomeCollectionViewCell.swift; sourceTree = "<group>"; };
		7D97E0B42BF9754D00E22F30 /* LeaguesTableViewController.swift */ = {isa = PBXFileReference; lastKnownFileType = sourcecode.swift; path = LeaguesTableViewController.swift; sourceTree = "<group>"; };
		7D97E0B62BF9761800E22F30 /* LeaguesTableViewCell.swift */ = {isa = PBXFileReference; lastKnownFileType = sourcecode.swift; path = LeaguesTableViewCell.swift; sourceTree = "<group>"; };
		7D97E0B72BF9761800E22F30 /* LeaguesTableViewCell.xib */ = {isa = PBXFileReference; lastKnownFileType = file.xib; path = LeaguesTableViewCell.xib; sourceTree = "<group>"; };
		7D97E0BB2BF98B0500E22F30 /* LeguesViewModel.swift */ = {isa = PBXFileReference; lastKnownFileType = sourcecode.swift; path = LeguesViewModel.swift; sourceTree = "<group>"; };
		7D97E0BD2BF98BC700E22F30 /* LeguesModel.swift */ = {isa = PBXFileReference; lastKnownFileType = sourcecode.swift; path = LeguesModel.swift; sourceTree = "<group>"; };
		7DA81E552BF62D1500D8BDDD /* SecondStoryBoard.storyboard */ = {isa = PBXFileReference; lastKnownFileType = file.storyboard; path = SecondStoryBoard.storyboard; sourceTree = "<group>"; };
		7DE314362BF8CA61003D8A60 /* Decoding.swift */ = {isa = PBXFileReference; lastKnownFileType = sourcecode.swift; path = Decoding.swift; sourceTree = "<group>"; };
		8BDBCBB1ADF1200C1EA9F85F /* Pods-Sports AppTests.debug.xcconfig */ = {isa = PBXFileReference; includeInIndex = 1; lastKnownFileType = text.xcconfig; name = "Pods-Sports AppTests.debug.xcconfig"; path = "Target Support Files/Pods-Sports AppTests/Pods-Sports AppTests.debug.xcconfig"; sourceTree = "<group>"; };
		9CB45D482FC5AEC7DCDAE1C2 /* Pods-Sports App-Sports AppUITests.release.xcconfig */ = {isa = PBXFileReference; includeInIndex = 1; lastKnownFileType = text.xcconfig; name = "Pods-Sports App-Sports AppUITests.release.xcconfig"; path = "Target Support Files/Pods-Sports App-Sports AppUITests/Pods-Sports App-Sports AppUITests.release.xcconfig"; sourceTree = "<group>"; };
		A36630EEC581B41E123B83C5 /* Pods-Sports App.release.xcconfig */ = {isa = PBXFileReference; includeInIndex = 1; lastKnownFileType = text.xcconfig; name = "Pods-Sports App.release.xcconfig"; path = "Target Support Files/Pods-Sports App/Pods-Sports App.release.xcconfig"; sourceTree = "<group>"; };
		BE0F23C685A7E2EFAB5BF6B5 /* Pods-Sports App.debug.xcconfig */ = {isa = PBXFileReference; includeInIndex = 1; lastKnownFileType = text.xcconfig; name = "Pods-Sports App.debug.xcconfig"; path = "Target Support Files/Pods-Sports App/Pods-Sports App.debug.xcconfig"; sourceTree = "<group>"; };
		DF275C8DF4656B783D0A3279 /* Pods_Sports_AppTests.framework */ = {isa = PBXFileReference; explicitFileType = wrapper.framework; includeInIndex = 0; path = Pods_Sports_AppTests.framework; sourceTree = BUILT_PRODUCTS_DIR; };
		FA666420F0B7936BD9287206 /* Pods_Sports_App.framework */ = {isa = PBXFileReference; explicitFileType = wrapper.framework; includeInIndex = 0; path = Pods_Sports_App.framework; sourceTree = BUILT_PRODUCTS_DIR; };
/* End PBXFileReference section */

/* Begin PBXFrameworksBuildPhase section */
		22BB794D2BF6235300FE3C62 /* Frameworks */ = {
			isa = PBXFrameworksBuildPhase;
			buildActionMask = 2147483647;
			files = (
				1198B415449C19A5D479E56F /* Pods_Sports_App.framework in Frameworks */,
			);
			runOnlyForDeploymentPostprocessing = 0;
		};
		22BB79662BF6235B00FE3C62 /* Frameworks */ = {
			isa = PBXFrameworksBuildPhase;
			buildActionMask = 2147483647;
			files = (
				2E7D29DBFAF8E08BC055842D /* Pods_Sports_AppTests.framework in Frameworks */,
			);
			runOnlyForDeploymentPostprocessing = 0;
		};
		22BB79702BF6235B00FE3C62 /* Frameworks */ = {
			isa = PBXFrameworksBuildPhase;
			buildActionMask = 2147483647;
			files = (
				F4F0ADD6EA44A9F594E8B97C /* Pods_Sports_App_Sports_AppUITests.framework in Frameworks */,
			);
			runOnlyForDeploymentPostprocessing = 0;
		};
/* End PBXFrameworksBuildPhase section */

/* Begin PBXGroup section */
		2237BC492BF971E100C2DEBC /* view */ = {
			isa = PBXGroup;
			children = (
				2237BC4A2BF9721400C2DEBC /* UpcomingCollectionViewCell.swift */,
				2237BC4C2BF9746900C2DEBC /* LatestEventsCollectionViewCell.swift */,
				2237BC4E2BF9754300C2DEBC /* TeamsCollectionViewCell.swift */,
			);
			path = view;
			sourceTree = "<group>";
		};
		22BB79472BF6235300FE3C62 = {
			isa = PBXGroup;
			children = (
				22BB79522BF6235300FE3C62 /* Sports App */,
				22BB796C2BF6235B00FE3C62 /* Sports AppTests */,
				22BB79762BF6235B00FE3C62 /* Sports AppUITests */,
				22BB79512BF6235300FE3C62 /* Products */,
				C4B0838E0532B6A212E0C41B /* Pods */,
				CCE4834CEDC4C178360A7D96 /* Frameworks */,
			);
			sourceTree = "<group>";
		};
		22BB79512BF6235300FE3C62 /* Products */ = {
			isa = PBXGroup;
			children = (
				22BB79502BF6235300FE3C62 /* Sports App.app */,
				22BB79692BF6235B00FE3C62 /* Sports AppTests.xctest */,
				22BB79732BF6235B00FE3C62 /* Sports AppUITests.xctest */,
			);
			name = Products;
			sourceTree = "<group>";
		};
		22BB79522BF6235300FE3C62 /* Sports App */ = {
			isa = PBXGroup;
			children = (
				7DE314352BF8CA4C003D8A60 /* Utility */,
				7DA81E582BF62D5800D8BDDD /* Service */,
				7DA81E572BF62D4300D8BDDD /* Model */,
				7DA81E5B2BF62D8F00D8BDDD /* View */,
				7DA81E592BF62D7000D8BDDD /* Moduels */,
				22BB79532BF6235300FE3C62 /* AppDelegate.swift */,
				22BB79552BF6235300FE3C62 /* SceneDelegate.swift */,
				22BB795F2BF6235A00FE3C62 /* Assets.xcassets */,
				22BB79642BF6235A00FE3C62 /* Info.plist */,
				22BB795C2BF6235300FE3C62 /* Sports_App.xcdatamodeld */,
				22C1344B2BF957A600248E82 /* LeaguesCollectionViewController.swift */,
			);
			path = "Sports App";
			sourceTree = "<group>";
		};
		22BB796C2BF6235B00FE3C62 /* Sports AppTests */ = {
			isa = PBXGroup;
			children = (
				22BB796D2BF6235B00FE3C62 /* Sports_AppTests.swift */,
			);
			path = "Sports AppTests";
			sourceTree = "<group>";
		};
		22BB79762BF6235B00FE3C62 /* Sports AppUITests */ = {
			isa = PBXGroup;
			children = (
				22BB79772BF6235B00FE3C62 /* Sports_AppUITests.swift */,
				22BB79792BF6235B00FE3C62 /* Sports_AppUITestsLaunchTests.swift */,
			);
			path = "Sports AppUITests";
			sourceTree = "<group>";
		};
		7D0D616C2BFC2B9F008EF69C /* ViewModel */ = {
			isa = PBXGroup;
			children = (
				7D0D616D2BFC2BD6008EF69C /* TeamViewModel.swift */,
			);
			path = ViewModel;
			sourceTree = "<group>";
		};
		7D0D616F2BFC2CC1008EF69C /* view */ = {
			isa = PBXGroup;
			children = (
				7D0D61702BFC2CDE008EF69C /* TeamViewController.swift */,
			);
			path = view;
			sourceTree = "<group>";
		};
		7D7F5D582BFB851700FBB559 /* view model */ = {
			isa = PBXGroup;
			children = (
				7D7F5D592BFB852500FBB559 /* HomeViewModel.swift */,
			);
			path = "view model";
			sourceTree = "<group>";
		};
		7D97E0A62BF92E4800E22F30 /* view */ = {
			isa = PBXGroup;
			children = (
				7D97E0B12BF9732D00E22F30 /* AgainHomeCollectionViewCell.swift */,
				7D97E0AE2BF963C500E22F30 /* HomeCollectionViewCell.xib */,
				22BB79572BF6235300FE3C62 /* ViewController.swift */,
				7D97E0AD2BF963C500E22F30 /* HomeCollectionViewCell.swift */,
				7D61EF8D2BFA591500943157 /* AllSportsCollectionViewCell.swift */,
				7D61EF8E2BFA591500943157 /* AllSportsCollectionViewCell.xib */,
			);
			path = view;
			sourceTree = "<group>";
		};
		7D97E0B32BF9752900E22F30 /* view */ = {
			isa = PBXGroup;
			children = (
				7D97E0B72BF9761800E22F30 /* LeaguesTableViewCell.xib */,
				7D97E0B62BF9761800E22F30 /* LeaguesTableViewCell.swift */,
				7D97E0B42BF9754D00E22F30 /* LeaguesTableViewController.swift */,
			);
			path = view;
			sourceTree = "<group>";
		};
		7D97E0BA2BF98AC700E22F30 /* ViewModel */ = {
			isa = PBXGroup;
			children = (
				7D97E0BB2BF98B0500E22F30 /* LeguesViewModel.swift */,
			);
			path = ViewModel;
			sourceTree = "<group>";
		};
		7DA81E572BF62D4300D8BDDD /* Model */ = {
			isa = PBXGroup;
			children = (
				7D97E0BD2BF98BC700E22F30 /* LeguesModel.swift */,
				7D0D616A2BFC2539008EF69C /* Team.swift */,
			);
			path = Model;
			sourceTree = "<group>";
		};
		7DA81E582BF62D5800D8BDDD /* Service */ = {
			isa = PBXGroup;
			children = (
				7D2776162BFA754900D60EC1 /* DataService.swift */,
				7DE314342BF8CA39003D8A60 /* LocalService */,
				7DE314332BF8CA25003D8A60 /* NetworkService */,
			);
			path = Service;
			sourceTree = "<group>";
		};
		7DA81E592BF62D7000D8BDDD /* Moduels */ = {
			isa = PBXGroup;
			children = (
				7DE314322BF8C76F003D8A60 /* Team Details  */,
				7DE314312BF8C700003D8A60 /* Leagues Details */,
				7DE314302BF8C6E6003D8A60 /* Leagues(Fav and All) */,
				7DA81E5A2BF62D8800D8BDDD /* Home */,
			);
			path = Moduels;
			sourceTree = "<group>";
		};
		7DA81E5A2BF62D8800D8BDDD /* Home */ = {
			isa = PBXGroup;
			children = (
				7D7F5D582BFB851700FBB559 /* view model */,
				7D97E0A62BF92E4800E22F30 /* view */,
			);
			path = Home;
			sourceTree = "<group>";
		};
		7DA81E5B2BF62D8F00D8BDDD /* View */ = {
			isa = PBXGroup;
			children = (
				22BB79592BF6235300FE3C62 /* Main.storyboard */,
				7DA81E552BF62D1500D8BDDD /* SecondStoryBoard.storyboard */,
				22BB79612BF6235A00FE3C62 /* LaunchScreen.storyboard */,
			);
			path = View;
			sourceTree = "<group>";
		};
		7DE314302BF8C6E6003D8A60 /* Leagues(Fav and All) */ = {
			isa = PBXGroup;
			children = (
				7D97E0BA2BF98AC700E22F30 /* ViewModel */,
				7D97E0B32BF9752900E22F30 /* view */,
			);
			path = "Leagues(Fav and All)";
			sourceTree = "<group>";
		};
		7DE314312BF8C700003D8A60 /* Leagues Details */ = {
			isa = PBXGroup;
			children = (
				2237BC492BF971E100C2DEBC /* view */,
			);
			path = "Leagues Details";
			sourceTree = "<group>";
		};
		7DE314322BF8C76F003D8A60 /* Team Details  */ = {
			isa = PBXGroup;
			children = (
				7D0D616F2BFC2CC1008EF69C /* view */,
				7D0D616C2BFC2B9F008EF69C /* ViewModel */,
			);
			path = "Team Details ";
			sourceTree = "<group>";
		};
		7DE314332BF8CA25003D8A60 /* NetworkService */ = {
			isa = PBXGroup;
			children = (
				7D7F5D5B2BFB89E400FBB559 /* NetworkServise.swift */,
			);
			path = NetworkService;
			sourceTree = "<group>";
		};
		7DE314342BF8CA39003D8A60 /* LocalService */ = {
			isa = PBXGroup;
			children = (
				7D0D61722BFC3506008EF69C /* LocalStorageService.swift */,
			);
			path = LocalService;
			sourceTree = "<group>";
		};
		7DE314352BF8CA4C003D8A60 /* Utility */ = {
			isa = PBXGroup;
			children = (
				7DE314362BF8CA61003D8A60 /* Decoding.swift */,
			);
			path = Utility;
			sourceTree = "<group>";
		};
		C4B0838E0532B6A212E0C41B /* Pods */ = {
			isa = PBXGroup;
			children = (
				BE0F23C685A7E2EFAB5BF6B5 /* Pods-Sports App.debug.xcconfig */,
				A36630EEC581B41E123B83C5 /* Pods-Sports App.release.xcconfig */,
				0CFBEC79265B08F788D48C27 /* Pods-Sports App-Sports AppUITests.debug.xcconfig */,
				9CB45D482FC5AEC7DCDAE1C2 /* Pods-Sports App-Sports AppUITests.release.xcconfig */,
				8BDBCBB1ADF1200C1EA9F85F /* Pods-Sports AppTests.debug.xcconfig */,
				4A03D633F82E41DFBDCF7D33 /* Pods-Sports AppTests.release.xcconfig */,
			);
			path = Pods;
			sourceTree = "<group>";
		};
		CCE4834CEDC4C178360A7D96 /* Frameworks */ = {
			isa = PBXGroup;
			children = (
				FA666420F0B7936BD9287206 /* Pods_Sports_App.framework */,
				3B009A87D0FDBA4CDFAAEC34 /* Pods_Sports_App_Sports_AppUITests.framework */,
				DF275C8DF4656B783D0A3279 /* Pods_Sports_AppTests.framework */,
			);
			name = Frameworks;
			sourceTree = "<group>";
		};
/* End PBXGroup section */

/* Begin PBXNativeTarget section */
		22BB794F2BF6235300FE3C62 /* Sports App */ = {
			isa = PBXNativeTarget;
			buildConfigurationList = 22BB797D2BF6235B00FE3C62 /* Build configuration list for PBXNativeTarget "Sports App" */;
			buildPhases = (
				39DCD7469C9691D9DBC88349 /* [CP] Check Pods Manifest.lock */,
				22BB794C2BF6235300FE3C62 /* Sources */,
				22BB794D2BF6235300FE3C62 /* Frameworks */,
				22BB794E2BF6235300FE3C62 /* Resources */,
				E1A84CD4109870694624F8A5 /* [CP] Embed Pods Frameworks */,
			);
			buildRules = (
			);
			dependencies = (
			);
			name = "Sports App";
			productName = "Sports App";
			productReference = 22BB79502BF6235300FE3C62 /* Sports App.app */;
			productType = "com.apple.product-type.application";
		};
		22BB79682BF6235B00FE3C62 /* Sports AppTests */ = {
			isa = PBXNativeTarget;
			buildConfigurationList = 22BB79802BF6235B00FE3C62 /* Build configuration list for PBXNativeTarget "Sports AppTests" */;
			buildPhases = (
				7814649686D9ED2237140575 /* [CP] Check Pods Manifest.lock */,
				22BB79652BF6235B00FE3C62 /* Sources */,
				22BB79662BF6235B00FE3C62 /* Frameworks */,
				22BB79672BF6235B00FE3C62 /* Resources */,
			);
			buildRules = (
			);
			dependencies = (
				22BB796B2BF6235B00FE3C62 /* PBXTargetDependency */,
			);
			name = "Sports AppTests";
			productName = "Sports AppTests";
			productReference = 22BB79692BF6235B00FE3C62 /* Sports AppTests.xctest */;
			productType = "com.apple.product-type.bundle.unit-test";
		};
		22BB79722BF6235B00FE3C62 /* Sports AppUITests */ = {
			isa = PBXNativeTarget;
			buildConfigurationList = 22BB79832BF6235B00FE3C62 /* Build configuration list for PBXNativeTarget "Sports AppUITests" */;
			buildPhases = (
				008121B34D01D15A3EFEED7D /* [CP] Check Pods Manifest.lock */,
				22BB796F2BF6235B00FE3C62 /* Sources */,
				22BB79702BF6235B00FE3C62 /* Frameworks */,
				22BB79712BF6235B00FE3C62 /* Resources */,
				0930E9933CC10CC7F93D3239 /* [CP] Embed Pods Frameworks */,
			);
			buildRules = (
			);
			dependencies = (
				22BB79752BF6235B00FE3C62 /* PBXTargetDependency */,
			);
			name = "Sports AppUITests";
			productName = "Sports AppUITests";
			productReference = 22BB79732BF6235B00FE3C62 /* Sports AppUITests.xctest */;
			productType = "com.apple.product-type.bundle.ui-testing";
		};
/* End PBXNativeTarget section */

/* Begin PBXProject section */
		22BB79482BF6235300FE3C62 /* Project object */ = {
			isa = PBXProject;
			attributes = {
				BuildIndependentTargetsInParallel = 1;
				LastSwiftUpdateCheck = 1520;
				LastUpgradeCheck = 1520;
				TargetAttributes = {
					22BB794F2BF6235300FE3C62 = {
						CreatedOnToolsVersion = 15.2;
					};
					22BB79682BF6235B00FE3C62 = {
						CreatedOnToolsVersion = 15.2;
						TestTargetID = 22BB794F2BF6235300FE3C62;
					};
					22BB79722BF6235B00FE3C62 = {
						CreatedOnToolsVersion = 15.2;
						TestTargetID = 22BB794F2BF6235300FE3C62;
					};
				};
			};
			buildConfigurationList = 22BB794B2BF6235300FE3C62 /* Build configuration list for PBXProject "Sports App" */;
			compatibilityVersion = "Xcode 14.0";
			developmentRegion = en;
			hasScannedForEncodings = 0;
			knownRegions = (
				en,
				Base,
			);
			mainGroup = 22BB79472BF6235300FE3C62;
			productRefGroup = 22BB79512BF6235300FE3C62 /* Products */;
			projectDirPath = "";
			projectRoot = "";
			targets = (
				22BB794F2BF6235300FE3C62 /* Sports App */,
				22BB79682BF6235B00FE3C62 /* Sports AppTests */,
				22BB79722BF6235B00FE3C62 /* Sports AppUITests */,
			);
		};
/* End PBXProject section */

/* Begin PBXResourcesBuildPhase section */
		22BB794E2BF6235300FE3C62 /* Resources */ = {
			isa = PBXResourcesBuildPhase;
			buildActionMask = 2147483647;
			files = (
				7D97E0AF2BF963C500E22F30 /* HomeCollectionViewCell.xib in Resources */,
				22BB79632BF6235A00FE3C62 /* LaunchScreen.storyboard in Resources */,
				7D61EF902BFA591500943157 /* AllSportsCollectionViewCell.xib in Resources */,
				22BB79602BF6235A00FE3C62 /* Assets.xcassets in Resources */,
				22BB795B2BF6235300FE3C62 /* Main.storyboard in Resources */,
				7D97E0B82BF9761800E22F30 /* LeaguesTableViewCell.xib in Resources */,
				7DA81E562BF62D1500D8BDDD /* SecondStoryBoard.storyboard in Resources */,
			);
			runOnlyForDeploymentPostprocessing = 0;
		};
		22BB79672BF6235B00FE3C62 /* Resources */ = {
			isa = PBXResourcesBuildPhase;
			buildActionMask = 2147483647;
			files = (
			);
			runOnlyForDeploymentPostprocessing = 0;
		};
		22BB79712BF6235B00FE3C62 /* Resources */ = {
			isa = PBXResourcesBuildPhase;
			buildActionMask = 2147483647;
			files = (
			);
			runOnlyForDeploymentPostprocessing = 0;
		};
/* End PBXResourcesBuildPhase section */

/* Begin PBXShellScriptBuildPhase section */
		008121B34D01D15A3EFEED7D /* [CP] Check Pods Manifest.lock */ = {
			isa = PBXShellScriptBuildPhase;
			buildActionMask = 2147483647;
			files = (
			);
			inputFileListPaths = (
			);
			inputPaths = (
				"${PODS_PODFILE_DIR_PATH}/Podfile.lock",
				"${PODS_ROOT}/Manifest.lock",
			);
			name = "[CP] Check Pods Manifest.lock";
			outputFileListPaths = (
			);
			outputPaths = (
				"$(DERIVED_FILE_DIR)/Pods-Sports App-Sports AppUITests-checkManifestLockResult.txt",
			);
			runOnlyForDeploymentPostprocessing = 0;
			shellPath = /bin/sh;
			shellScript = "diff \"${PODS_PODFILE_DIR_PATH}/Podfile.lock\" \"${PODS_ROOT}/Manifest.lock\" > /dev/null\nif [ $? != 0 ] ; then\n    # print error to STDERR\n    echo \"error: The sandbox is not in sync with the Podfile.lock. Run 'pod install' or update your CocoaPods installation.\" >&2\n    exit 1\nfi\n# This output is used by Xcode 'outputs' to avoid re-running this script phase.\necho \"SUCCESS\" > \"${SCRIPT_OUTPUT_FILE_0}\"\n";
			showEnvVarsInLog = 0;
		};
		0930E9933CC10CC7F93D3239 /* [CP] Embed Pods Frameworks */ = {
			isa = PBXShellScriptBuildPhase;
			buildActionMask = 2147483647;
			files = (
			);
			inputFileListPaths = (
				"${PODS_ROOT}/Target Support Files/Pods-Sports App-Sports AppUITests/Pods-Sports App-Sports AppUITests-frameworks-${CONFIGURATION}-input-files.xcfilelist",
			);
			name = "[CP] Embed Pods Frameworks";
			outputFileListPaths = (
				"${PODS_ROOT}/Target Support Files/Pods-Sports App-Sports AppUITests/Pods-Sports App-Sports AppUITests-frameworks-${CONFIGURATION}-output-files.xcfilelist",
			);
			runOnlyForDeploymentPostprocessing = 0;
			shellPath = /bin/sh;
			shellScript = "\"${PODS_ROOT}/Target Support Files/Pods-Sports App-Sports AppUITests/Pods-Sports App-Sports AppUITests-frameworks.sh\"\n";
			showEnvVarsInLog = 0;
		};
		39DCD7469C9691D9DBC88349 /* [CP] Check Pods Manifest.lock */ = {
			isa = PBXShellScriptBuildPhase;
			buildActionMask = 2147483647;
			files = (
			);
			inputFileListPaths = (
			);
			inputPaths = (
				"${PODS_PODFILE_DIR_PATH}/Podfile.lock",
				"${PODS_ROOT}/Manifest.lock",
			);
			name = "[CP] Check Pods Manifest.lock";
			outputFileListPaths = (
			);
			outputPaths = (
				"$(DERIVED_FILE_DIR)/Pods-Sports App-checkManifestLockResult.txt",
			);
			runOnlyForDeploymentPostprocessing = 0;
			shellPath = /bin/sh;
			shellScript = "diff \"${PODS_PODFILE_DIR_PATH}/Podfile.lock\" \"${PODS_ROOT}/Manifest.lock\" > /dev/null\nif [ $? != 0 ] ; then\n    # print error to STDERR\n    echo \"error: The sandbox is not in sync with the Podfile.lock. Run 'pod install' or update your CocoaPods installation.\" >&2\n    exit 1\nfi\n# This output is used by Xcode 'outputs' to avoid re-running this script phase.\necho \"SUCCESS\" > \"${SCRIPT_OUTPUT_FILE_0}\"\n";
			showEnvVarsInLog = 0;
		};
		7814649686D9ED2237140575 /* [CP] Check Pods Manifest.lock */ = {
			isa = PBXShellScriptBuildPhase;
			buildActionMask = 2147483647;
			files = (
			);
			inputFileListPaths = (
			);
			inputPaths = (
				"${PODS_PODFILE_DIR_PATH}/Podfile.lock",
				"${PODS_ROOT}/Manifest.lock",
			);
			name = "[CP] Check Pods Manifest.lock";
			outputFileListPaths = (
			);
			outputPaths = (
				"$(DERIVED_FILE_DIR)/Pods-Sports AppTests-checkManifestLockResult.txt",
			);
			runOnlyForDeploymentPostprocessing = 0;
			shellPath = /bin/sh;
			shellScript = "diff \"${PODS_PODFILE_DIR_PATH}/Podfile.lock\" \"${PODS_ROOT}/Manifest.lock\" > /dev/null\nif [ $? != 0 ] ; then\n    # print error to STDERR\n    echo \"error: The sandbox is not in sync with the Podfile.lock. Run 'pod install' or update your CocoaPods installation.\" >&2\n    exit 1\nfi\n# This output is used by Xcode 'outputs' to avoid re-running this script phase.\necho \"SUCCESS\" > \"${SCRIPT_OUTPUT_FILE_0}\"\n";
			showEnvVarsInLog = 0;
		};
		E1A84CD4109870694624F8A5 /* [CP] Embed Pods Frameworks */ = {
			isa = PBXShellScriptBuildPhase;
			buildActionMask = 2147483647;
			files = (
			);
			inputFileListPaths = (
				"${PODS_ROOT}/Target Support Files/Pods-Sports App/Pods-Sports App-frameworks-${CONFIGURATION}-input-files.xcfilelist",
			);
			name = "[CP] Embed Pods Frameworks";
			outputFileListPaths = (
				"${PODS_ROOT}/Target Support Files/Pods-Sports App/Pods-Sports App-frameworks-${CONFIGURATION}-output-files.xcfilelist",
			);
			runOnlyForDeploymentPostprocessing = 0;
			shellPath = /bin/sh;
			shellScript = "\"${PODS_ROOT}/Target Support Files/Pods-Sports App/Pods-Sports App-frameworks.sh\"\n";
			showEnvVarsInLog = 0;
		};
/* End PBXShellScriptBuildPhase section */

/* Begin PBXSourcesBuildPhase section */
		22BB794C2BF6235300FE3C62 /* Sources */ = {
			isa = PBXSourcesBuildPhase;
			buildActionMask = 2147483647;
			files = (
				7D7F5D5A2BFB852500FBB559 /* HomeViewModel.swift in Sources */,
				7D0D61712BFC2CDE008EF69C /* TeamViewController.swift in Sources */,
				2237BC4B2BF9721400C2DEBC /* UpcomingCollectionViewCell.swift in Sources */,
				7D97E0B52BF9754D00E22F30 /* LeaguesTableViewController.swift in Sources */,
				7D0D616E2BFC2BD6008EF69C /* TeamViewModel.swift in Sources */,
				7D2776172BFA754900D60EC1 /* DataService.swift in Sources */,
				7D61EF8F2BFA591500943157 /* AllSportsCollectionViewCell.swift in Sources */,
				7DE314372BF8CA61003D8A60 /* Decoding.swift in Sources */,
				7D97E0B92BF9761800E22F30 /* LeaguesTableViewCell.swift in Sources */,
				22BB79582BF6235300FE3C62 /* ViewController.swift in Sources */,
				22BB79542BF6235300FE3C62 /* AppDelegate.swift in Sources */,
				7D0D616B2BFC2539008EF69C /* Team.swift in Sources */,
				22BB795E2BF6235300FE3C62 /* Sports_App.xcdatamodeld in Sources */,
				7D0D61732BFC3506008EF69C /* LocalStorageService.swift in Sources */,
				2237BC4D2BF9746900C2DEBC /* LatestEventsCollectionViewCell.swift in Sources */,
				22C1344C2BF957A600248E82 /* LeaguesCollectionViewController.swift in Sources */,
				22BB79562BF6235300FE3C62 /* SceneDelegate.swift in Sources */,
				2237BC4F2BF9754300C2DEBC /* TeamsCollectionViewCell.swift in Sources */,
				7D97E0BE2BF98BC700E22F30 /* LeguesModel.swift in Sources */,
				7D97E0B22BF9732D00E22F30 /* AgainHomeCollectionViewCell.swift in Sources */,
				7D97E0BC2BF98B0500E22F30 /* LeguesViewModel.swift in Sources */,
				22BB79562BF6235300FE3C62 /* SceneDelegate.swift in Sources */,
				7D7F5D5C2BFB89E400FBB559 /* NetworkServise.swift in Sources */,
				7D97E0B02BF963C500E22F30 /* HomeCollectionViewCell.swift in Sources */,
			);
			runOnlyForDeploymentPostprocessing = 0;
		};
		22BB79652BF6235B00FE3C62 /* Sources */ = {
			isa = PBXSourcesBuildPhase;
			buildActionMask = 2147483647;
			files = (
				22BB796E2BF6235B00FE3C62 /* Sports_AppTests.swift in Sources */,
			);
			runOnlyForDeploymentPostprocessing = 0;
		};
		22BB796F2BF6235B00FE3C62 /* Sources */ = {
			isa = PBXSourcesBuildPhase;
			buildActionMask = 2147483647;
			files = (
				22BB79782BF6235B00FE3C62 /* Sports_AppUITests.swift in Sources */,
				22BB797A2BF6235B00FE3C62 /* Sports_AppUITestsLaunchTests.swift in Sources */,
			);
			runOnlyForDeploymentPostprocessing = 0;
		};
/* End PBXSourcesBuildPhase section */

/* Begin PBXTargetDependency section */
		22BB796B2BF6235B00FE3C62 /* PBXTargetDependency */ = {
			isa = PBXTargetDependency;
			target = 22BB794F2BF6235300FE3C62 /* Sports App */;
			targetProxy = 22BB796A2BF6235B00FE3C62 /* PBXContainerItemProxy */;
		};
		22BB79752BF6235B00FE3C62 /* PBXTargetDependency */ = {
			isa = PBXTargetDependency;
			target = 22BB794F2BF6235300FE3C62 /* Sports App */;
			targetProxy = 22BB79742BF6235B00FE3C62 /* PBXContainerItemProxy */;
		};
/* End PBXTargetDependency section */

/* Begin PBXVariantGroup section */
		22BB79592BF6235300FE3C62 /* Main.storyboard */ = {
			isa = PBXVariantGroup;
			children = (
				22BB795A2BF6235300FE3C62 /* Base */,
			);
			name = Main.storyboard;
			sourceTree = "<group>";
		};
		22BB79612BF6235A00FE3C62 /* LaunchScreen.storyboard */ = {
			isa = PBXVariantGroup;
			children = (
				22BB79622BF6235A00FE3C62 /* Base */,
			);
			name = LaunchScreen.storyboard;
			sourceTree = "<group>";
		};
/* End PBXVariantGroup section */

/* Begin XCBuildConfiguration section */
		22BB797B2BF6235B00FE3C62 /* Debug */ = {
			isa = XCBuildConfiguration;
			buildSettings = {
				ALWAYS_SEARCH_USER_PATHS = NO;
				ASSETCATALOG_COMPILER_GENERATE_SWIFT_ASSET_SYMBOL_EXTENSIONS = YES;
				CLANG_ANALYZER_NONNULL = YES;
				CLANG_ANALYZER_NUMBER_OBJECT_CONVERSION = YES_AGGRESSIVE;
				CLANG_CXX_LANGUAGE_STANDARD = "gnu++20";
				CLANG_ENABLE_MODULES = YES;
				CLANG_ENABLE_OBJC_ARC = YES;
				CLANG_ENABLE_OBJC_WEAK = YES;
				CLANG_WARN_BLOCK_CAPTURE_AUTORELEASING = YES;
				CLANG_WARN_BOOL_CONVERSION = YES;
				CLANG_WARN_COMMA = YES;
				CLANG_WARN_CONSTANT_CONVERSION = YES;
				CLANG_WARN_DEPRECATED_OBJC_IMPLEMENTATIONS = YES;
				CLANG_WARN_DIRECT_OBJC_ISA_USAGE = YES_ERROR;
				CLANG_WARN_DOCUMENTATION_COMMENTS = YES;
				CLANG_WARN_EMPTY_BODY = YES;
				CLANG_WARN_ENUM_CONVERSION = YES;
				CLANG_WARN_INFINITE_RECURSION = YES;
				CLANG_WARN_INT_CONVERSION = YES;
				CLANG_WARN_NON_LITERAL_NULL_CONVERSION = YES;
				CLANG_WARN_OBJC_IMPLICIT_RETAIN_SELF = YES;
				CLANG_WARN_OBJC_LITERAL_CONVERSION = YES;
				CLANG_WARN_OBJC_ROOT_CLASS = YES_ERROR;
				CLANG_WARN_QUOTED_INCLUDE_IN_FRAMEWORK_HEADER = YES;
				CLANG_WARN_RANGE_LOOP_ANALYSIS = YES;
				CLANG_WARN_STRICT_PROTOTYPES = YES;
				CLANG_WARN_SUSPICIOUS_MOVE = YES;
				CLANG_WARN_UNGUARDED_AVAILABILITY = YES_AGGRESSIVE;
				CLANG_WARN_UNREACHABLE_CODE = YES;
				CLANG_WARN__DUPLICATE_METHOD_MATCH = YES;
				COPY_PHASE_STRIP = NO;
				DEBUG_INFORMATION_FORMAT = dwarf;
				ENABLE_STRICT_OBJC_MSGSEND = YES;
				ENABLE_TESTABILITY = YES;
				ENABLE_USER_SCRIPT_SANDBOXING = YES;
				GCC_C_LANGUAGE_STANDARD = gnu17;
				GCC_DYNAMIC_NO_PIC = NO;
				GCC_NO_COMMON_BLOCKS = YES;
				GCC_OPTIMIZATION_LEVEL = 0;
				GCC_PREPROCESSOR_DEFINITIONS = (
					"DEBUG=1",
					"$(inherited)",
				);
				GCC_WARN_64_TO_32_BIT_CONVERSION = YES;
				GCC_WARN_ABOUT_RETURN_TYPE = YES_ERROR;
				GCC_WARN_UNDECLARED_SELECTOR = YES;
				GCC_WARN_UNINITIALIZED_AUTOS = YES_AGGRESSIVE;
				GCC_WARN_UNUSED_FUNCTION = YES;
				GCC_WARN_UNUSED_VARIABLE = YES;
				IPHONEOS_DEPLOYMENT_TARGET = 17.2;
				LOCALIZATION_PREFERS_STRING_CATALOGS = YES;
				MTL_ENABLE_DEBUG_INFO = INCLUDE_SOURCE;
				MTL_FAST_MATH = YES;
				ONLY_ACTIVE_ARCH = YES;
				SDKROOT = iphoneos;
				SWIFT_ACTIVE_COMPILATION_CONDITIONS = "DEBUG $(inherited)";
				SWIFT_OPTIMIZATION_LEVEL = "-Onone";
			};
			name = Debug;
		};
		22BB797C2BF6235B00FE3C62 /* Release */ = {
			isa = XCBuildConfiguration;
			buildSettings = {
				ALWAYS_SEARCH_USER_PATHS = NO;
				ASSETCATALOG_COMPILER_GENERATE_SWIFT_ASSET_SYMBOL_EXTENSIONS = YES;
				CLANG_ANALYZER_NONNULL = YES;
				CLANG_ANALYZER_NUMBER_OBJECT_CONVERSION = YES_AGGRESSIVE;
				CLANG_CXX_LANGUAGE_STANDARD = "gnu++20";
				CLANG_ENABLE_MODULES = YES;
				CLANG_ENABLE_OBJC_ARC = YES;
				CLANG_ENABLE_OBJC_WEAK = YES;
				CLANG_WARN_BLOCK_CAPTURE_AUTORELEASING = YES;
				CLANG_WARN_BOOL_CONVERSION = YES;
				CLANG_WARN_COMMA = YES;
				CLANG_WARN_CONSTANT_CONVERSION = YES;
				CLANG_WARN_DEPRECATED_OBJC_IMPLEMENTATIONS = YES;
				CLANG_WARN_DIRECT_OBJC_ISA_USAGE = YES_ERROR;
				CLANG_WARN_DOCUMENTATION_COMMENTS = YES;
				CLANG_WARN_EMPTY_BODY = YES;
				CLANG_WARN_ENUM_CONVERSION = YES;
				CLANG_WARN_INFINITE_RECURSION = YES;
				CLANG_WARN_INT_CONVERSION = YES;
				CLANG_WARN_NON_LITERAL_NULL_CONVERSION = YES;
				CLANG_WARN_OBJC_IMPLICIT_RETAIN_SELF = YES;
				CLANG_WARN_OBJC_LITERAL_CONVERSION = YES;
				CLANG_WARN_OBJC_ROOT_CLASS = YES_ERROR;
				CLANG_WARN_QUOTED_INCLUDE_IN_FRAMEWORK_HEADER = YES;
				CLANG_WARN_RANGE_LOOP_ANALYSIS = YES;
				CLANG_WARN_STRICT_PROTOTYPES = YES;
				CLANG_WARN_SUSPICIOUS_MOVE = YES;
				CLANG_WARN_UNGUARDED_AVAILABILITY = YES_AGGRESSIVE;
				CLANG_WARN_UNREACHABLE_CODE = YES;
				CLANG_WARN__DUPLICATE_METHOD_MATCH = YES;
				COPY_PHASE_STRIP = NO;
				DEBUG_INFORMATION_FORMAT = "dwarf-with-dsym";
				ENABLE_NS_ASSERTIONS = NO;
				ENABLE_STRICT_OBJC_MSGSEND = YES;
				ENABLE_USER_SCRIPT_SANDBOXING = YES;
				GCC_C_LANGUAGE_STANDARD = gnu17;
				GCC_NO_COMMON_BLOCKS = YES;
				GCC_WARN_64_TO_32_BIT_CONVERSION = YES;
				GCC_WARN_ABOUT_RETURN_TYPE = YES_ERROR;
				GCC_WARN_UNDECLARED_SELECTOR = YES;
				GCC_WARN_UNINITIALIZED_AUTOS = YES_AGGRESSIVE;
				GCC_WARN_UNUSED_FUNCTION = YES;
				GCC_WARN_UNUSED_VARIABLE = YES;
				IPHONEOS_DEPLOYMENT_TARGET = 17.2;
				LOCALIZATION_PREFERS_STRING_CATALOGS = YES;
				MTL_ENABLE_DEBUG_INFO = NO;
				MTL_FAST_MATH = YES;
				SDKROOT = iphoneos;
				SWIFT_COMPILATION_MODE = wholemodule;
				VALIDATE_PRODUCT = YES;
			};
			name = Release;
		};
		22BB797E2BF6235B00FE3C62 /* Debug */ = {
			isa = XCBuildConfiguration;
			baseConfigurationReference = BE0F23C685A7E2EFAB5BF6B5 /* Pods-Sports App.debug.xcconfig */;
			buildSettings = {
				ASSETCATALOG_COMPILER_APPICON_NAME = AppIcon;
				ASSETCATALOG_COMPILER_GLOBAL_ACCENT_COLOR_NAME = AccentColor;
				CODE_SIGN_STYLE = Automatic;
				CURRENT_PROJECT_VERSION = 1;
				DEVELOPMENT_TEAM = WNA868NVL3;
				ENABLE_USER_SCRIPT_SANDBOXING = NO;
				GENERATE_INFOPLIST_FILE = YES;
				INFOPLIST_FILE = "Sports App/Info.plist";
				INFOPLIST_KEY_UIApplicationSupportsIndirectInputEvents = YES;
				INFOPLIST_KEY_UILaunchStoryboardName = LaunchScreen;
				INFOPLIST_KEY_UIMainStoryboardFile = Main;
				INFOPLIST_KEY_UISupportedInterfaceOrientations_iPad = "UIInterfaceOrientationPortrait UIInterfaceOrientationPortraitUpsideDown UIInterfaceOrientationLandscapeLeft UIInterfaceOrientationLandscapeRight";
				INFOPLIST_KEY_UISupportedInterfaceOrientations_iPhone = "UIInterfaceOrientationPortrait UIInterfaceOrientationLandscapeLeft UIInterfaceOrientationLandscapeRight";
				LD_RUNPATH_SEARCH_PATHS = (
					"$(inherited)",
					"@executable_path/Frameworks",
				);
				MARKETING_VERSION = 1.0;
				PRODUCT_BUNDLE_IDENTIFIER = "ITI.Sports-App";
				PRODUCT_NAME = "$(TARGET_NAME)";
				SWIFT_EMIT_LOC_STRINGS = YES;
				SWIFT_VERSION = 5.0;
				TARGETED_DEVICE_FAMILY = "1,2";
			};
			name = Debug;
		};
		22BB797F2BF6235B00FE3C62 /* Release */ = {
			isa = XCBuildConfiguration;
			baseConfigurationReference = A36630EEC581B41E123B83C5 /* Pods-Sports App.release.xcconfig */;
			buildSettings = {
				ASSETCATALOG_COMPILER_APPICON_NAME = AppIcon;
				ASSETCATALOG_COMPILER_GLOBAL_ACCENT_COLOR_NAME = AccentColor;
				CODE_SIGN_STYLE = Automatic;
				CURRENT_PROJECT_VERSION = 1;
				DEVELOPMENT_TEAM = WNA868NVL3;
				ENABLE_USER_SCRIPT_SANDBOXING = NO;
				GENERATE_INFOPLIST_FILE = YES;
				INFOPLIST_FILE = "Sports App/Info.plist";
				INFOPLIST_KEY_UIApplicationSupportsIndirectInputEvents = YES;
				INFOPLIST_KEY_UILaunchStoryboardName = LaunchScreen;
				INFOPLIST_KEY_UIMainStoryboardFile = Main;
				INFOPLIST_KEY_UISupportedInterfaceOrientations_iPad = "UIInterfaceOrientationPortrait UIInterfaceOrientationPortraitUpsideDown UIInterfaceOrientationLandscapeLeft UIInterfaceOrientationLandscapeRight";
				INFOPLIST_KEY_UISupportedInterfaceOrientations_iPhone = "UIInterfaceOrientationPortrait UIInterfaceOrientationLandscapeLeft UIInterfaceOrientationLandscapeRight";
				LD_RUNPATH_SEARCH_PATHS = (
					"$(inherited)",
					"@executable_path/Frameworks",
				);
				MARKETING_VERSION = 1.0;
				PRODUCT_BUNDLE_IDENTIFIER = "ITI.Sports-App";
				PRODUCT_NAME = "$(TARGET_NAME)";
				SWIFT_EMIT_LOC_STRINGS = YES;
				SWIFT_VERSION = 5.0;
				TARGETED_DEVICE_FAMILY = "1,2";
			};
			name = Release;
		};
		22BB79812BF6235B00FE3C62 /* Debug */ = {
			isa = XCBuildConfiguration;
			baseConfigurationReference = 8BDBCBB1ADF1200C1EA9F85F /* Pods-Sports AppTests.debug.xcconfig */;
			buildSettings = {
				ALWAYS_EMBED_SWIFT_STANDARD_LIBRARIES = YES;
				BUNDLE_LOADER = "$(TEST_HOST)";
				CODE_SIGN_STYLE = Automatic;
				CURRENT_PROJECT_VERSION = 1;
				DEVELOPMENT_TEAM = WNA868NVL3;
				GENERATE_INFOPLIST_FILE = YES;
				IPHONEOS_DEPLOYMENT_TARGET = 17.2;
				MARKETING_VERSION = 1.0;
				PRODUCT_BUNDLE_IDENTIFIER = "ITI.Sports-AppTests";
				PRODUCT_NAME = "$(TARGET_NAME)";
				SWIFT_EMIT_LOC_STRINGS = NO;
				SWIFT_VERSION = 5.0;
				TARGETED_DEVICE_FAMILY = "1,2";
				TEST_HOST = "$(BUILT_PRODUCTS_DIR)/Sports App.app/$(BUNDLE_EXECUTABLE_FOLDER_PATH)/Sports App";
			};
			name = Debug;
		};
		22BB79822BF6235B00FE3C62 /* Release */ = {
			isa = XCBuildConfiguration;
			baseConfigurationReference = 4A03D633F82E41DFBDCF7D33 /* Pods-Sports AppTests.release.xcconfig */;
			buildSettings = {
				ALWAYS_EMBED_SWIFT_STANDARD_LIBRARIES = YES;
				BUNDLE_LOADER = "$(TEST_HOST)";
				CODE_SIGN_STYLE = Automatic;
				CURRENT_PROJECT_VERSION = 1;
				DEVELOPMENT_TEAM = WNA868NVL3;
				GENERATE_INFOPLIST_FILE = YES;
				IPHONEOS_DEPLOYMENT_TARGET = 17.2;
				MARKETING_VERSION = 1.0;
				PRODUCT_BUNDLE_IDENTIFIER = "ITI.Sports-AppTests";
				PRODUCT_NAME = "$(TARGET_NAME)";
				SWIFT_EMIT_LOC_STRINGS = NO;
				SWIFT_VERSION = 5.0;
				TARGETED_DEVICE_FAMILY = "1,2";
				TEST_HOST = "$(BUILT_PRODUCTS_DIR)/Sports App.app/$(BUNDLE_EXECUTABLE_FOLDER_PATH)/Sports App";
			};
			name = Release;
		};
		22BB79842BF6235B00FE3C62 /* Debug */ = {
			isa = XCBuildConfiguration;
			baseConfigurationReference = 0CFBEC79265B08F788D48C27 /* Pods-Sports App-Sports AppUITests.debug.xcconfig */;
			buildSettings = {
				ALWAYS_EMBED_SWIFT_STANDARD_LIBRARIES = YES;
				CODE_SIGN_STYLE = Automatic;
				CURRENT_PROJECT_VERSION = 1;
				DEVELOPMENT_TEAM = WNA868NVL3;
				GENERATE_INFOPLIST_FILE = YES;
				MARKETING_VERSION = 1.0;
				PRODUCT_BUNDLE_IDENTIFIER = "ITI.Sports-AppUITests";
				PRODUCT_NAME = "$(TARGET_NAME)";
				SWIFT_EMIT_LOC_STRINGS = NO;
				SWIFT_VERSION = 5.0;
				TARGETED_DEVICE_FAMILY = "1,2";
				TEST_TARGET_NAME = "Sports App";
			};
			name = Debug;
		};
		22BB79852BF6235B00FE3C62 /* Release */ = {
			isa = XCBuildConfiguration;
			baseConfigurationReference = 9CB45D482FC5AEC7DCDAE1C2 /* Pods-Sports App-Sports AppUITests.release.xcconfig */;
			buildSettings = {
				ALWAYS_EMBED_SWIFT_STANDARD_LIBRARIES = YES;
				CODE_SIGN_STYLE = Automatic;
				CURRENT_PROJECT_VERSION = 1;
				DEVELOPMENT_TEAM = WNA868NVL3;
				GENERATE_INFOPLIST_FILE = YES;
				MARKETING_VERSION = 1.0;
				PRODUCT_BUNDLE_IDENTIFIER = "ITI.Sports-AppUITests";
				PRODUCT_NAME = "$(TARGET_NAME)";
				SWIFT_EMIT_LOC_STRINGS = NO;
				SWIFT_VERSION = 5.0;
				TARGETED_DEVICE_FAMILY = "1,2";
				TEST_TARGET_NAME = "Sports App";
			};
			name = Release;
		};
/* End XCBuildConfiguration section */

/* Begin XCConfigurationList section */
		22BB794B2BF6235300FE3C62 /* Build configuration list for PBXProject "Sports App" */ = {
			isa = XCConfigurationList;
			buildConfigurations = (
				22BB797B2BF6235B00FE3C62 /* Debug */,
				22BB797C2BF6235B00FE3C62 /* Release */,
			);
			defaultConfigurationIsVisible = 0;
			defaultConfigurationName = Release;
		};
		22BB797D2BF6235B00FE3C62 /* Build configuration list for PBXNativeTarget "Sports App" */ = {
			isa = XCConfigurationList;
			buildConfigurations = (
				22BB797E2BF6235B00FE3C62 /* Debug */,
				22BB797F2BF6235B00FE3C62 /* Release */,
			);
			defaultConfigurationIsVisible = 0;
			defaultConfigurationName = Release;
		};
		22BB79802BF6235B00FE3C62 /* Build configuration list for PBXNativeTarget "Sports AppTests" */ = {
			isa = XCConfigurationList;
			buildConfigurations = (
				22BB79812BF6235B00FE3C62 /* Debug */,
				22BB79822BF6235B00FE3C62 /* Release */,
			);
			defaultConfigurationIsVisible = 0;
			defaultConfigurationName = Release;
		};
		22BB79832BF6235B00FE3C62 /* Build configuration list for PBXNativeTarget "Sports AppUITests" */ = {
			isa = XCConfigurationList;
			buildConfigurations = (
				22BB79842BF6235B00FE3C62 /* Debug */,
				22BB79852BF6235B00FE3C62 /* Release */,
			);
			defaultConfigurationIsVisible = 0;
			defaultConfigurationName = Release;
		};
/* End XCConfigurationList section */

/* Begin XCVersionGroup section */
		22BB795C2BF6235300FE3C62 /* Sports_App.xcdatamodeld */ = {
			isa = XCVersionGroup;
			children = (
				22BB795D2BF6235300FE3C62 /* Sports_App.xcdatamodel */,
			);
			currentVersion = 22BB795D2BF6235300FE3C62 /* Sports_App.xcdatamodel */;
			path = Sports_App.xcdatamodeld;
			sourceTree = "<group>";
			versionGroupType = wrapper.xcdatamodel;
		};
/* End XCVersionGroup section */
	};
	rootObject = 22BB79482BF6235300FE3C62 /* Project object */;
}
